// !$*UTF8*$!
{
	archiveVersion = 1;
	classes = {
	};
	objectVersion = 46;
	objects = {

/* Begin PBXBuildFile section */
		D503D38D1C8DA7730009BDAD /* Serializing.swift in Sources */ = {isa = PBXBuildFile; fileRef = D503D38C1C8DA7730009BDAD /* Serializing.swift */; };
		D503D38E1C8DA7730009BDAD /* Serializing.swift in Sources */ = {isa = PBXBuildFile; fileRef = D503D38C1C8DA7730009BDAD /* Serializing.swift */; };
		D503D3901C8DA95B0009BDAD /* JSONSerializer.swift in Sources */ = {isa = PBXBuildFile; fileRef = D503D38F1C8DA95B0009BDAD /* JSONSerializer.swift */; };
		D503D3911C8DA95B0009BDAD /* JSONSerializer.swift in Sources */ = {isa = PBXBuildFile; fileRef = D503D38F1C8DA95B0009BDAD /* JSONSerializer.swift */; };
		D503D3A51C8EC7550009BDAD /* NetworkPromiseSpec.swift in Sources */ = {isa = PBXBuildFile; fileRef = D503D3A41C8EC7550009BDAD /* NetworkPromiseSpec.swift */; };
		D503D3A61C8EC7550009BDAD /* NetworkPromiseSpec.swift in Sources */ = {isa = PBXBuildFile; fileRef = D503D3A41C8EC7550009BDAD /* NetworkPromiseSpec.swift */; };
		D527ED891C9B6B0F0092AD6B /* TaskRunningSpec.swift in Sources */ = {isa = PBXBuildFile; fileRef = D527ED881C9B6B0F0092AD6B /* TaskRunningSpec.swift */; };
		D527ED8A1C9B6B0F0092AD6B /* TaskRunningSpec.swift in Sources */ = {isa = PBXBuildFile; fileRef = D527ED881C9B6B0F0092AD6B /* TaskRunningSpec.swift */; };
		D527ED8C1C9B72450092AD6B /* SessionDataTaskSpec.swift in Sources */ = {isa = PBXBuildFile; fileRef = D527ED8B1C9B72450092AD6B /* SessionDataTaskSpec.swift */; };
		D527ED8D1C9B72450092AD6B /* SessionDataTaskSpec.swift in Sources */ = {isa = PBXBuildFile; fileRef = D527ED8B1C9B72450092AD6B /* SessionDataTaskSpec.swift */; };
		D527ED901C9B73D80092AD6B /* MockSpec.swift in Sources */ = {isa = PBXBuildFile; fileRef = D527ED8F1C9B73D80092AD6B /* MockSpec.swift */; };
		D527ED911C9B73D80092AD6B /* MockSpec.swift in Sources */ = {isa = PBXBuildFile; fileRef = D527ED8F1C9B73D80092AD6B /* MockSpec.swift */; };
		D527ED931C9B77150092AD6B /* MockDataTaskSpec.swift in Sources */ = {isa = PBXBuildFile; fileRef = D527ED921C9B77150092AD6B /* MockDataTaskSpec.swift */; };
		D527ED941C9B77150092AD6B /* MockDataTaskSpec.swift in Sources */ = {isa = PBXBuildFile; fileRef = D527ED921C9B77150092AD6B /* MockDataTaskSpec.swift */; };
		D527ED991C9B84A20092AD6B /* MethodSpec.swift in Sources */ = {isa = PBXBuildFile; fileRef = D527ED981C9B84A20092AD6B /* MethodSpec.swift */; };
		D527ED9A1C9B84A20092AD6B /* MethodSpec.swift in Sources */ = {isa = PBXBuildFile; fileRef = D527ED981C9B84A20092AD6B /* MethodSpec.swift */; };
		D549C8561C8F661E00588A0C /* JSONSerializerSpec.swift in Sources */ = {isa = PBXBuildFile; fileRef = D549C8551C8F661E00588A0C /* JSONSerializerSpec.swift */; };
		D549C8571C8F661E00588A0C /* JSONSerializerSpec.swift in Sources */ = {isa = PBXBuildFile; fileRef = D549C8551C8F661E00588A0C /* JSONSerializerSpec.swift */; };
		D549C8591C8F6BB500588A0C /* DataSerializerSpec.swift in Sources */ = {isa = PBXBuildFile; fileRef = D549C8581C8F6BB500588A0C /* DataSerializerSpec.swift */; };
		D549C85A1C8F6BB500588A0C /* DataSerializerSpec.swift in Sources */ = {isa = PBXBuildFile; fileRef = D549C8581C8F6BB500588A0C /* DataSerializerSpec.swift */; };
		D549C85C1C8F6C8800588A0C /* StringSerializerSpec.swift in Sources */ = {isa = PBXBuildFile; fileRef = D549C85B1C8F6C8800588A0C /* StringSerializerSpec.swift */; };
		D549C85D1C8F6C8800588A0C /* StringSerializerSpec.swift in Sources */ = {isa = PBXBuildFile; fileRef = D549C85B1C8F6C8800588A0C /* StringSerializerSpec.swift */; };
		D559C5E21CC0191700700B3C /* mock.json in Resources */ = {isa = PBXBuildFile; fileRef = D559C5E11CC0191700700B3C /* mock.json */; };
		D559C5E31CC0191700700B3C /* mock.json in Resources */ = {isa = PBXBuildFile; fileRef = D559C5E11CC0191700700B3C /* mock.json */; };
		D560A2E41C8C66EC00D4B640 /* StatusCodeVadatorSpec.swift in Sources */ = {isa = PBXBuildFile; fileRef = D560A2E31C8C66EC00D4B640 /* StatusCodeVadatorSpec.swift */; };
		D560A2E51C8C66EC00D4B640 /* StatusCodeVadatorSpec.swift in Sources */ = {isa = PBXBuildFile; fileRef = D560A2E31C8C66EC00D4B640 /* StatusCodeVadatorSpec.swift */; };
		D560A2E71C8C694100D4B640 /* ContentTypeValidatorSpec.swift in Sources */ = {isa = PBXBuildFile; fileRef = D560A2E61C8C694100D4B640 /* ContentTypeValidatorSpec.swift */; };
		D560A2E81C8C694100D4B640 /* ContentTypeValidatorSpec.swift in Sources */ = {isa = PBXBuildFile; fileRef = D560A2E61C8C694100D4B640 /* ContentTypeValidatorSpec.swift */; };
		D5A3DC881CD164750084F451 /* Logging.swift in Sources */ = {isa = PBXBuildFile; fileRef = D5A3DC871CD164750084F451 /* Logging.swift */; };
		D5A3DC891CD164750084F451 /* Logging.swift in Sources */ = {isa = PBXBuildFile; fileRef = D5A3DC871CD164750084F451 /* Logging.swift */; };
		D5ABDDAA1CD78BC700C78B5F /* MultipartFormEncoder.swift in Sources */ = {isa = PBXBuildFile; fileRef = D5ABDDA91CD78BC700C78B5F /* MultipartFormEncoder.swift */; };
		D5ABDDAB1CD78BC700C78B5F /* MultipartFormEncoder.swift in Sources */ = {isa = PBXBuildFile; fileRef = D5ABDDA91CD78BC700C78B5F /* MultipartFormEncoder.swift */; };
		D5ABDDAF1CD8149500C78B5F /* MultipartFormEncoderSpec.swift in Sources */ = {isa = PBXBuildFile; fileRef = D5ABDDAC1CD8132700C78B5F /* MultipartFormEncoderSpec.swift */; };
		D5ABDDB01CD8149600C78B5F /* MultipartFormEncoderSpec.swift in Sources */ = {isa = PBXBuildFile; fileRef = D5ABDDAC1CD8132700C78B5F /* MultipartFormEncoderSpec.swift */; };
		D5B2E8AA1C3A780C00C0327D /* Malibu.framework in Frameworks */ = {isa = PBXBuildFile; fileRef = D5B2E89F1C3A780C00C0327D /* Malibu.framework */; };
		D5B964EE1C916CBF0099D2F9 /* Mocks.swift in Sources */ = {isa = PBXBuildFile; fileRef = D5B964ED1C916CBF0099D2F9 /* Mocks.swift */; };
		D5B964EF1C916CBF0099D2F9 /* Mocks.swift in Sources */ = {isa = PBXBuildFile; fileRef = D5B964ED1C916CBF0099D2F9 /* Mocks.swift */; };
		D5B964F21C9211AF0099D2F9 /* Message.swift in Sources */ = {isa = PBXBuildFile; fileRef = D5B964F11C9211AF0099D2F9 /* Message.swift */; };
		D5B964F31C9211AF0099D2F9 /* Message.swift in Sources */ = {isa = PBXBuildFile; fileRef = D5B964F11C9211AF0099D2F9 /* Message.swift */; };
		D5B964F51C92125E0099D2F9 /* Requestable.swift in Sources */ = {isa = PBXBuildFile; fileRef = D5B964F41C92125E0099D2F9 /* Requestable.swift */; };
		D5B964F61C92125E0099D2F9 /* Requestable.swift in Sources */ = {isa = PBXBuildFile; fileRef = D5B964F41C92125E0099D2F9 /* Requestable.swift */; };
		D5B964F91C9216FD0099D2F9 /* MessageSpec.swift in Sources */ = {isa = PBXBuildFile; fileRef = D5B964F81C9216FD0099D2F9 /* MessageSpec.swift */; };
		D5B964FA1C9216FD0099D2F9 /* MessageSpec.swift in Sources */ = {isa = PBXBuildFile; fileRef = D5B964F81C9216FD0099D2F9 /* MessageSpec.swift */; };
		D5B964FC1C9217140099D2F9 /* RequestableSpec.swift in Sources */ = {isa = PBXBuildFile; fileRef = D5B964FB1C9217140099D2F9 /* RequestableSpec.swift */; };
		D5B964FD1C9217140099D2F9 /* RequestableSpec.swift in Sources */ = {isa = PBXBuildFile; fileRef = D5B964FB1C9217140099D2F9 /* RequestableSpec.swift */; };
		D5B965041C9225720099D2F9 /* ETagStorage.swift in Sources */ = {isa = PBXBuildFile; fileRef = D5B965031C9225720099D2F9 /* ETagStorage.swift */; };
		D5B965051C9225720099D2F9 /* ETagStorage.swift in Sources */ = {isa = PBXBuildFile; fileRef = D5B965031C9225720099D2F9 /* ETagStorage.swift */; };
		D5B965071C9225B50099D2F9 /* Utils.swift in Sources */ = {isa = PBXBuildFile; fileRef = D5B965061C9225B50099D2F9 /* Utils.swift */; };
		D5B965081C9225B50099D2F9 /* Utils.swift in Sources */ = {isa = PBXBuildFile; fileRef = D5B965061C9225B50099D2F9 /* Utils.swift */; };
		D5B9650D1C922BCF0099D2F9 /* ContentType.swift in Sources */ = {isa = PBXBuildFile; fileRef = D5B965091C922BCF0099D2F9 /* ContentType.swift */; };
		D5B9650E1C922BCF0099D2F9 /* ContentType.swift in Sources */ = {isa = PBXBuildFile; fileRef = D5B965091C922BCF0099D2F9 /* ContentType.swift */; };
		D5B9650F1C922BCF0099D2F9 /* Method.swift in Sources */ = {isa = PBXBuildFile; fileRef = D5B9650A1C922BCF0099D2F9 /* Method.swift */; };
		D5B965101C922BCF0099D2F9 /* Method.swift in Sources */ = {isa = PBXBuildFile; fileRef = D5B9650A1C922BCF0099D2F9 /* Method.swift */; };
		D5B965111C922BCF0099D2F9 /* SessionConfiguration.swift in Sources */ = {isa = PBXBuildFile; fileRef = D5B9650B1C922BCF0099D2F9 /* SessionConfiguration.swift */; };
		D5B965121C922BCF0099D2F9 /* SessionConfiguration.swift in Sources */ = {isa = PBXBuildFile; fileRef = D5B9650B1C922BCF0099D2F9 /* SessionConfiguration.swift */; };
		D5B965131C922BCF0099D2F9 /* URLStringConvertible.swift in Sources */ = {isa = PBXBuildFile; fileRef = D5B9650C1C922BCF0099D2F9 /* URLStringConvertible.swift */; };
		D5B965141C922BCF0099D2F9 /* URLStringConvertible.swift in Sources */ = {isa = PBXBuildFile; fileRef = D5B9650C1C922BCF0099D2F9 /* URLStringConvertible.swift */; };
		D5B9651A1C922BDC0099D2F9 /* MIMEType.swift in Sources */ = {isa = PBXBuildFile; fileRef = D5B965161C922BDC0099D2F9 /* MIMEType.swift */; };
		D5B9651B1C922BDC0099D2F9 /* MIMEType.swift in Sources */ = {isa = PBXBuildFile; fileRef = D5B965161C922BDC0099D2F9 /* MIMEType.swift */; };
		D5B9651C1C922BDC0099D2F9 /* Wave.swift in Sources */ = {isa = PBXBuildFile; fileRef = D5B965171C922BDC0099D2F9 /* Wave.swift */; };
		D5B9651D1C922BDC0099D2F9 /* Wave.swift in Sources */ = {isa = PBXBuildFile; fileRef = D5B965171C922BDC0099D2F9 /* Wave.swift */; };
		D5B9651E1C922BDC0099D2F9 /* WaveSerialization.swift in Sources */ = {isa = PBXBuildFile; fileRef = D5B965181C922BDC0099D2F9 /* WaveSerialization.swift */; };
		D5B9651F1C922BDC0099D2F9 /* WaveSerialization.swift in Sources */ = {isa = PBXBuildFile; fileRef = D5B965181C922BDC0099D2F9 /* WaveSerialization.swift */; };
		D5B965201C922BDC0099D2F9 /* WaveValidation.swift in Sources */ = {isa = PBXBuildFile; fileRef = D5B965191C922BDC0099D2F9 /* WaveValidation.swift */; };
		D5B965211C922BDC0099D2F9 /* WaveValidation.swift in Sources */ = {isa = PBXBuildFile; fileRef = D5B965191C922BDC0099D2F9 /* WaveValidation.swift */; };
		D5B965241C922C1F0099D2F9 /* ETagStorageSpec.swift in Sources */ = {isa = PBXBuildFile; fileRef = D5B965231C922C1F0099D2F9 /* ETagStorageSpec.swift */; };
		D5B965251C922C1F0099D2F9 /* ETagStorageSpec.swift in Sources */ = {isa = PBXBuildFile; fileRef = D5B965231C922C1F0099D2F9 /* ETagStorageSpec.swift */; };
		D5B9652A1C922C420099D2F9 /* MIMETypeSpec.swift in Sources */ = {isa = PBXBuildFile; fileRef = D5B965261C922C420099D2F9 /* MIMETypeSpec.swift */; };
		D5B9652B1C922C420099D2F9 /* MIMETypeSpec.swift in Sources */ = {isa = PBXBuildFile; fileRef = D5B965261C922C420099D2F9 /* MIMETypeSpec.swift */; };
		D5B9652C1C922C420099D2F9 /* WaveSerializationSpec.swift in Sources */ = {isa = PBXBuildFile; fileRef = D5B965271C922C420099D2F9 /* WaveSerializationSpec.swift */; };
		D5B9652D1C922C420099D2F9 /* WaveSerializationSpec.swift in Sources */ = {isa = PBXBuildFile; fileRef = D5B965271C922C420099D2F9 /* WaveSerializationSpec.swift */; };
		D5B9652E1C922C420099D2F9 /* WaveSpec.swift in Sources */ = {isa = PBXBuildFile; fileRef = D5B965281C922C420099D2F9 /* WaveSpec.swift */; };
		D5B9652F1C922C420099D2F9 /* WaveSpec.swift in Sources */ = {isa = PBXBuildFile; fileRef = D5B965281C922C420099D2F9 /* WaveSpec.swift */; };
		D5B965301C922C420099D2F9 /* WaveValidationSpec.swift in Sources */ = {isa = PBXBuildFile; fileRef = D5B965291C922C420099D2F9 /* WaveValidationSpec.swift */; };
		D5B965311C922C420099D2F9 /* WaveValidationSpec.swift in Sources */ = {isa = PBXBuildFile; fileRef = D5B965291C922C420099D2F9 /* WaveValidationSpec.swift */; };
		D5B965351C922C500099D2F9 /* ContentTypeSpec.swift in Sources */ = {isa = PBXBuildFile; fileRef = D5B965321C922C500099D2F9 /* ContentTypeSpec.swift */; };
		D5B965361C922C500099D2F9 /* ContentTypeSpec.swift in Sources */ = {isa = PBXBuildFile; fileRef = D5B965321C922C500099D2F9 /* ContentTypeSpec.swift */; };
		D5B965371C922C500099D2F9 /* SessionConfigurationSpec.swift in Sources */ = {isa = PBXBuildFile; fileRef = D5B965331C922C500099D2F9 /* SessionConfigurationSpec.swift */; };
		D5B965381C922C500099D2F9 /* SessionConfigurationSpec.swift in Sources */ = {isa = PBXBuildFile; fileRef = D5B965331C922C500099D2F9 /* SessionConfigurationSpec.swift */; };
		D5B965391C922C500099D2F9 /* URLStringConvertibleSpec.swift in Sources */ = {isa = PBXBuildFile; fileRef = D5B965341C922C500099D2F9 /* URLStringConvertibleSpec.swift */; };
		D5B9653A1C922C500099D2F9 /* URLStringConvertibleSpec.swift in Sources */ = {isa = PBXBuildFile; fileRef = D5B965341C922C500099D2F9 /* URLStringConvertibleSpec.swift */; };
		D5B9653C1C92340C0099D2F9 /* UtilsSpec.swift in Sources */ = {isa = PBXBuildFile; fileRef = D5B9653B1C92340C0099D2F9 /* UtilsSpec.swift */; };
		D5B9653D1C92340C0099D2F9 /* UtilsSpec.swift in Sources */ = {isa = PBXBuildFile; fileRef = D5B9653B1C92340C0099D2F9 /* UtilsSpec.swift */; };
		D5C1D06F1CB3D49F00A076D6 /* Ride.swift in Sources */ = {isa = PBXBuildFile; fileRef = D5C1D06E1CB3D49F00A076D6 /* Ride.swift */; };
		D5C1D0701CB3D49F00A076D6 /* Ride.swift in Sources */ = {isa = PBXBuildFile; fileRef = D5C1D06E1CB3D49F00A076D6 /* Ride.swift */; };
		D5C6294A1C3A7FAA007F7B7C /* Malibu.framework in Frameworks */ = {isa = PBXBuildFile; fileRef = D5C629401C3A7FAA007F7B7C /* Malibu.framework */; };
		D5C629771C3A878E007F7B7C /* Quick.framework in Frameworks */ = {isa = PBXBuildFile; fileRef = D5C629751C3A878E007F7B7C /* Quick.framework */; };
		D5C629781C3A878E007F7B7C /* Nimble.framework in Frameworks */ = {isa = PBXBuildFile; fileRef = D5C629761C3A878E007F7B7C /* Nimble.framework */; };
		D5E061D71D06E5AD009740F2 /* When.framework in Frameworks */ = {isa = PBXBuildFile; fileRef = D5E061D61D06E5AD009740F2 /* When.framework */; };
		D5E061D91D06E5EF009740F2 /* When.framework in Frameworks */ = {isa = PBXBuildFile; fileRef = D5E061D61D06E5AD009740F2 /* When.framework */; };
		D5E061DC1D06E5EF009740F2 /* Quick.framework in Frameworks */ = {isa = PBXBuildFile; fileRef = D5E061DA1D06E5EF009740F2 /* Quick.framework */; };
		D5E061DD1D06E5EF009740F2 /* Nimble.framework in Frameworks */ = {isa = PBXBuildFile; fileRef = D5E061DB1D06E5EF009740F2 /* Nimble.framework */; };
		D5EB7C601CB01E73003A3BA9 /* ETagPolicy.swift in Sources */ = {isa = PBXBuildFile; fileRef = D5EB7C5F1CB01E73003A3BA9 /* ETagPolicy.swift */; };
		D5EB7C611CB01E73003A3BA9 /* ETagPolicy.swift in Sources */ = {isa = PBXBuildFile; fileRef = D5EB7C5F1CB01E73003A3BA9 /* ETagPolicy.swift */; };
		D5EB7C631CB02323003A3BA9 /* MethodRequestable.swift in Sources */ = {isa = PBXBuildFile; fileRef = D5EB7C621CB02323003A3BA9 /* MethodRequestable.swift */; };
		D5EB7C641CB02323003A3BA9 /* MethodRequestable.swift in Sources */ = {isa = PBXBuildFile; fileRef = D5EB7C621CB02323003A3BA9 /* MethodRequestable.swift */; };
		D5EB7C691CB039DC003A3BA9 /* QueryBuilder.swift in Sources */ = {isa = PBXBuildFile; fileRef = D5EB7C681CB039DC003A3BA9 /* QueryBuilder.swift */; };
		D5EB7C6A1CB039DC003A3BA9 /* QueryBuilder.swift in Sources */ = {isa = PBXBuildFile; fileRef = D5EB7C681CB039DC003A3BA9 /* QueryBuilder.swift */; };
		D5EB7C6C1CB03AA0003A3BA9 /* QueryBuilderSpec.swift in Sources */ = {isa = PBXBuildFile; fileRef = D5EB7C6B1CB03AA0003A3BA9 /* QueryBuilderSpec.swift */; };
		D5EB7C6D1CB03AA0003A3BA9 /* QueryBuilderSpec.swift in Sources */ = {isa = PBXBuildFile; fileRef = D5EB7C6B1CB03AA0003A3BA9 /* QueryBuilderSpec.swift */; };
		D5EB7C6F1CB04543003A3BA9 /* MethodRequestableSpec.swift in Sources */ = {isa = PBXBuildFile; fileRef = D5EB7C6E1CB04543003A3BA9 /* MethodRequestableSpec.swift */; };
		D5EB7C701CB04543003A3BA9 /* MethodRequestableSpec.swift in Sources */ = {isa = PBXBuildFile; fileRef = D5EB7C6E1CB04543003A3BA9 /* MethodRequestableSpec.swift */; };
		DA5B4CEC1C8E51A0004E21ED /* DataSerializer.swift in Sources */ = {isa = PBXBuildFile; fileRef = DA5B4CEB1C8E51A0004E21ED /* DataSerializer.swift */; };
		DA5B4CED1C8E51A0004E21ED /* DataSerializer.swift in Sources */ = {isa = PBXBuildFile; fileRef = DA5B4CEB1C8E51A0004E21ED /* DataSerializer.swift */; };
		DA5B4CEF1C8E5553004E21ED /* StringSerializer.swift in Sources */ = {isa = PBXBuildFile; fileRef = DA5B4CEE1C8E5553004E21ED /* StringSerializer.swift */; };
		DA5B4CF01C8E5553004E21ED /* StringSerializer.swift in Sources */ = {isa = PBXBuildFile; fileRef = DA5B4CEE1C8E5553004E21ED /* StringSerializer.swift */; };
		DA5B4CF81C8E5936004E21ED /* Error.swift in Sources */ = {isa = PBXBuildFile; fileRef = DA5B4CF71C8E5936004E21ED /* Error.swift */; };
		DA5B4CF91C8E5936004E21ED /* Error.swift in Sources */ = {isa = PBXBuildFile; fileRef = DA5B4CF71C8E5936004E21ED /* Error.swift */; };
		DA5B4CFD1C8E5963004E21ED /* ErrorSpec.swift in Sources */ = {isa = PBXBuildFile; fileRef = DA5B4CFA1C8E5953004E21ED /* ErrorSpec.swift */; };
		DA5B4CFE1C8E5963004E21ED /* ErrorSpec.swift in Sources */ = {isa = PBXBuildFile; fileRef = DA5B4CFA1C8E5953004E21ED /* ErrorSpec.swift */; };
		DA5B4D0A1C8E59A2004E21ED /* Networking.swift in Sources */ = {isa = PBXBuildFile; fileRef = DA5B4D031C8E59A2004E21ED /* Networking.swift */; };
		DA5B4D0B1C8E59A2004E21ED /* Networking.swift in Sources */ = {isa = PBXBuildFile; fileRef = DA5B4D031C8E59A2004E21ED /* Networking.swift */; };
		DA5B4D131C8E5A26004E21ED /* NetworkingSpec.swift in Sources */ = {isa = PBXBuildFile; fileRef = DA5B4D0E1C8E5A07004E21ED /* NetworkingSpec.swift */; };
		DA5B4D141C8E5A26004E21ED /* NetworkingSpec.swift in Sources */ = {isa = PBXBuildFile; fileRef = DA5B4D0E1C8E5A07004E21ED /* NetworkingSpec.swift */; };
		DAA50FF11C97738400D01F78 /* Header.swift in Sources */ = {isa = PBXBuildFile; fileRef = DAA50FF01C97738400D01F78 /* Header.swift */; };
		DAA50FF21C97738400D01F78 /* Header.swift in Sources */ = {isa = PBXBuildFile; fileRef = DAA50FF01C97738400D01F78 /* Header.swift */; };
		DAA50FF41C9786BE00D01F78 /* HeaderSpec.swift in Sources */ = {isa = PBXBuildFile; fileRef = DAA50FF31C9786BE00D01F78 /* HeaderSpec.swift */; };
		DAA50FF51C9786BE00D01F78 /* HeaderSpec.swift in Sources */ = {isa = PBXBuildFile; fileRef = DAA50FF31C9786BE00D01F78 /* HeaderSpec.swift */; };
		DAA50FF81C9A1E8800D01F78 /* SessionDataTask.swift in Sources */ = {isa = PBXBuildFile; fileRef = DAA50FF71C9A1E8800D01F78 /* SessionDataTask.swift */; };
		DAA50FF91C9A1E8800D01F78 /* SessionDataTask.swift in Sources */ = {isa = PBXBuildFile; fileRef = DAA50FF71C9A1E8800D01F78 /* SessionDataTask.swift */; };
		DAA50FFB1C9A1EBB00D01F78 /* TaskRunning.swift in Sources */ = {isa = PBXBuildFile; fileRef = DAA50FFA1C9A1EBB00D01F78 /* TaskRunning.swift */; };
		DAA50FFC1C9A1EBB00D01F78 /* TaskRunning.swift in Sources */ = {isa = PBXBuildFile; fileRef = DAA50FFA1C9A1EBB00D01F78 /* TaskRunning.swift */; };
		DAA510021C9A2D3C00D01F78 /* Mock.swift in Sources */ = {isa = PBXBuildFile; fileRef = DAA510011C9A2D3C00D01F78 /* Mock.swift */; };
		DAA510031C9A2D3C00D01F78 /* Mock.swift in Sources */ = {isa = PBXBuildFile; fileRef = DAA510011C9A2D3C00D01F78 /* Mock.swift */; };
		DAA510051C9A2D5800D01F78 /* MockDataTask.swift in Sources */ = {isa = PBXBuildFile; fileRef = DAA510041C9A2D5800D01F78 /* MockDataTask.swift */; };
		DAA510061C9A2D5800D01F78 /* MockDataTask.swift in Sources */ = {isa = PBXBuildFile; fileRef = DAA510041C9A2D5800D01F78 /* MockDataTask.swift */; };
		DAC92A061C7F90B400F01940 /* Malibu.swift in Sources */ = {isa = PBXBuildFile; fileRef = DAC92A051C7F90B400F01940 /* Malibu.swift */; };
		DAC92A071C7F90B400F01940 /* Malibu.swift in Sources */ = {isa = PBXBuildFile; fileRef = DAC92A051C7F90B400F01940 /* Malibu.swift */; };
		DAC92A091C7F961900F01940 /* FormURLEncoder.swift in Sources */ = {isa = PBXBuildFile; fileRef = DAC92A081C7F961900F01940 /* FormURLEncoder.swift */; };
		DAC92A0A1C7F961900F01940 /* FormURLEncoder.swift in Sources */ = {isa = PBXBuildFile; fileRef = DAC92A081C7F961900F01940 /* FormURLEncoder.swift */; };
		DAC92A0E1C7FA5F500F01940 /* FormURLEncoderSpec.swift in Sources */ = {isa = PBXBuildFile; fileRef = DAC92A0B1C7FA5E700F01940 /* FormURLEncoderSpec.swift */; };
		DAC92A0F1C7FA5F600F01940 /* FormURLEncoderSpec.swift in Sources */ = {isa = PBXBuildFile; fileRef = DAC92A0B1C7FA5E700F01940 /* FormURLEncoderSpec.swift */; };
		DAC92A131C7FCF9400F01940 /* MalibuSpec.swift in Sources */ = {isa = PBXBuildFile; fileRef = DAC92A101C7FCF9000F01940 /* MalibuSpec.swift */; };
		DAC92A141C7FCF9500F01940 /* MalibuSpec.swift in Sources */ = {isa = PBXBuildFile; fileRef = DAC92A101C7FCF9000F01940 /* MalibuSpec.swift */; };
		DAC92A2A1C83A38400F01940 /* When.framework in Frameworks */ = {isa = PBXBuildFile; fileRef = DAC92A291C83A38400F01940 /* When.framework */; };
		DAC92A361C87B92200F01940 /* Validating.swift in Sources */ = {isa = PBXBuildFile; fileRef = DAC92A351C87B92200F01940 /* Validating.swift */; };
		DAC92A371C87B92200F01940 /* Validating.swift in Sources */ = {isa = PBXBuildFile; fileRef = DAC92A351C87B92200F01940 /* Validating.swift */; };
		DAC92A391C87B95100F01940 /* StatusCodeValidator.swift in Sources */ = {isa = PBXBuildFile; fileRef = DAC92A381C87B95100F01940 /* StatusCodeValidator.swift */; };
		DAC92A3A1C87B95100F01940 /* StatusCodeValidator.swift in Sources */ = {isa = PBXBuildFile; fileRef = DAC92A381C87B95100F01940 /* StatusCodeValidator.swift */; };
		DAC92A3C1C87C00C00F01940 /* ContentTypeValidator.swift in Sources */ = {isa = PBXBuildFile; fileRef = DAC92A3B1C87C00C00F01940 /* ContentTypeValidator.swift */; };
		DAC92A3D1C87C00C00F01940 /* ContentTypeValidator.swift in Sources */ = {isa = PBXBuildFile; fileRef = DAC92A3B1C87C00C00F01940 /* ContentTypeValidator.swift */; };
		DAC92A3E1C8E458A00F01940 /* When.framework in Frameworks */ = {isa = PBXBuildFile; fileRef = DAC92A291C83A38400F01940 /* When.framework */; };
		DAEE2BAE1C7F8A870000FB12 /* ParameterEncoding.swift in Sources */ = {isa = PBXBuildFile; fileRef = DAEE2BAD1C7F8A870000FB12 /* ParameterEncoding.swift */; };
		DAEE2BAF1C7F8A870000FB12 /* ParameterEncoding.swift in Sources */ = {isa = PBXBuildFile; fileRef = DAEE2BAD1C7F8A870000FB12 /* ParameterEncoding.swift */; };
		DAEE2BB11C7F8BA00000FB12 /* JSONEncoder.swift in Sources */ = {isa = PBXBuildFile; fileRef = DAEE2BB01C7F8BA00000FB12 /* JSONEncoder.swift */; };
		DAEE2BB21C7F8BA00000FB12 /* JSONEncoder.swift in Sources */ = {isa = PBXBuildFile; fileRef = DAEE2BB01C7F8BA00000FB12 /* JSONEncoder.swift */; };
		DAEE2BB71C7F8C5D0000FB12 /* JSONEncoderSpec.swift in Sources */ = {isa = PBXBuildFile; fileRef = DAEE2BB41C7F8C590000FB12 /* JSONEncoderSpec.swift */; };
		DAEE2BB81C7F8C5E0000FB12 /* JSONEncoderSpec.swift in Sources */ = {isa = PBXBuildFile; fileRef = DAEE2BB41C7F8C590000FB12 /* JSONEncoderSpec.swift */; };
/* End PBXBuildFile section */

/* Begin PBXContainerItemProxy section */
		D5B2E8AB1C3A780C00C0327D /* PBXContainerItemProxy */ = {
			isa = PBXContainerItemProxy;
			containerPortal = D5B2E8961C3A780C00C0327D /* Project object */;
			proxyType = 1;
			remoteGlobalIDString = D5B2E89E1C3A780C00C0327D;
			remoteInfo = Malibu;
		};
		D5C6294B1C3A7FAA007F7B7C /* PBXContainerItemProxy */ = {
			isa = PBXContainerItemProxy;
			containerPortal = D5B2E8961C3A780C00C0327D /* Project object */;
			proxyType = 1;
			remoteGlobalIDString = D5C6293F1C3A7FAA007F7B7C;
			remoteInfo = "Malibu-Mac";
		};
/* End PBXContainerItemProxy section */

/* Begin PBXFileReference section */
		D500FD111C3AABED00782D78 /* Playground-iOS.playground */ = {isa = PBXFileReference; lastKnownFileType = file.playground; path = "Playground-iOS.playground"; sourceTree = "<group>"; };
		D503D38C1C8DA7730009BDAD /* Serializing.swift */ = {isa = PBXFileReference; fileEncoding = 4; lastKnownFileType = sourcecode.swift; path = Serializing.swift; sourceTree = "<group>"; };
		D503D38F1C8DA95B0009BDAD /* JSONSerializer.swift */ = {isa = PBXFileReference; fileEncoding = 4; lastKnownFileType = sourcecode.swift; path = JSONSerializer.swift; sourceTree = "<group>"; };
		D503D3A41C8EC7550009BDAD /* NetworkPromiseSpec.swift */ = {isa = PBXFileReference; fileEncoding = 4; lastKnownFileType = sourcecode.swift; path = NetworkPromiseSpec.swift; sourceTree = "<group>"; };
		D527ED881C9B6B0F0092AD6B /* TaskRunningSpec.swift */ = {isa = PBXFileReference; fileEncoding = 4; lastKnownFileType = sourcecode.swift; path = TaskRunningSpec.swift; sourceTree = "<group>"; };
		D527ED8B1C9B72450092AD6B /* SessionDataTaskSpec.swift */ = {isa = PBXFileReference; fileEncoding = 4; lastKnownFileType = sourcecode.swift; path = SessionDataTaskSpec.swift; sourceTree = "<group>"; };
		D527ED8F1C9B73D80092AD6B /* MockSpec.swift */ = {isa = PBXFileReference; fileEncoding = 4; lastKnownFileType = sourcecode.swift; path = MockSpec.swift; sourceTree = "<group>"; };
		D527ED921C9B77150092AD6B /* MockDataTaskSpec.swift */ = {isa = PBXFileReference; fileEncoding = 4; lastKnownFileType = sourcecode.swift; path = MockDataTaskSpec.swift; sourceTree = "<group>"; };
		D527ED981C9B84A20092AD6B /* MethodSpec.swift */ = {isa = PBXFileReference; fileEncoding = 4; lastKnownFileType = sourcecode.swift; path = MethodSpec.swift; sourceTree = "<group>"; };
		D549C8551C8F661E00588A0C /* JSONSerializerSpec.swift */ = {isa = PBXFileReference; fileEncoding = 4; lastKnownFileType = sourcecode.swift; path = JSONSerializerSpec.swift; sourceTree = "<group>"; };
		D549C8581C8F6BB500588A0C /* DataSerializerSpec.swift */ = {isa = PBXFileReference; fileEncoding = 4; lastKnownFileType = sourcecode.swift; path = DataSerializerSpec.swift; sourceTree = "<group>"; };
		D549C85B1C8F6C8800588A0C /* StringSerializerSpec.swift */ = {isa = PBXFileReference; fileEncoding = 4; lastKnownFileType = sourcecode.swift; path = StringSerializerSpec.swift; sourceTree = "<group>"; };
		D559C5E11CC0191700700B3C /* mock.json */ = {isa = PBXFileReference; fileEncoding = 4; lastKnownFileType = text.json; path = mock.json; sourceTree = "<group>"; };
		D560A2E31C8C66EC00D4B640 /* StatusCodeVadatorSpec.swift */ = {isa = PBXFileReference; fileEncoding = 4; lastKnownFileType = sourcecode.swift; path = StatusCodeVadatorSpec.swift; sourceTree = "<group>"; };
		D560A2E61C8C694100D4B640 /* ContentTypeValidatorSpec.swift */ = {isa = PBXFileReference; fileEncoding = 4; lastKnownFileType = sourcecode.swift; path = ContentTypeValidatorSpec.swift; sourceTree = "<group>"; };
		D5A3DC871CD164750084F451 /* Logging.swift */ = {isa = PBXFileReference; fileEncoding = 4; lastKnownFileType = sourcecode.swift; path = Logging.swift; sourceTree = "<group>"; };
		D5ABDDA91CD78BC700C78B5F /* MultipartFormEncoder.swift */ = {isa = PBXFileReference; fileEncoding = 4; lastKnownFileType = sourcecode.swift; path = MultipartFormEncoder.swift; sourceTree = "<group>"; };
		D5ABDDAC1CD8132700C78B5F /* MultipartFormEncoderSpec.swift */ = {isa = PBXFileReference; fileEncoding = 4; lastKnownFileType = sourcecode.swift; path = MultipartFormEncoderSpec.swift; sourceTree = "<group>"; };
		D5B2E89F1C3A780C00C0327D /* Malibu.framework */ = {isa = PBXFileReference; explicitFileType = wrapper.framework; includeInIndex = 0; path = Malibu.framework; sourceTree = BUILT_PRODUCTS_DIR; };
		D5B2E8A91C3A780C00C0327D /* Malibu-iOS-Tests.xctest */ = {isa = PBXFileReference; explicitFileType = wrapper.cfbundle; includeInIndex = 0; path = "Malibu-iOS-Tests.xctest"; sourceTree = BUILT_PRODUCTS_DIR; };
		D5B964ED1C916CBF0099D2F9 /* Mocks.swift */ = {isa = PBXFileReference; fileEncoding = 4; lastKnownFileType = sourcecode.swift; path = Mocks.swift; sourceTree = "<group>"; };
		D5B964F11C9211AF0099D2F9 /* Message.swift */ = {isa = PBXFileReference; fileEncoding = 4; lastKnownFileType = sourcecode.swift; path = Message.swift; sourceTree = "<group>"; };
		D5B964F41C92125E0099D2F9 /* Requestable.swift */ = {isa = PBXFileReference; fileEncoding = 4; lastKnownFileType = sourcecode.swift; path = Requestable.swift; sourceTree = "<group>"; };
		D5B964F81C9216FD0099D2F9 /* MessageSpec.swift */ = {isa = PBXFileReference; fileEncoding = 4; lastKnownFileType = sourcecode.swift; path = MessageSpec.swift; sourceTree = "<group>"; };
		D5B964FB1C9217140099D2F9 /* RequestableSpec.swift */ = {isa = PBXFileReference; fileEncoding = 4; lastKnownFileType = sourcecode.swift; path = RequestableSpec.swift; sourceTree = "<group>"; };
		D5B965031C9225720099D2F9 /* ETagStorage.swift */ = {isa = PBXFileReference; fileEncoding = 4; lastKnownFileType = sourcecode.swift; path = ETagStorage.swift; sourceTree = "<group>"; };
		D5B965061C9225B50099D2F9 /* Utils.swift */ = {isa = PBXFileReference; fileEncoding = 4; lastKnownFileType = sourcecode.swift; path = Utils.swift; sourceTree = "<group>"; };
		D5B965091C922BCF0099D2F9 /* ContentType.swift */ = {isa = PBXFileReference; fileEncoding = 4; lastKnownFileType = sourcecode.swift; path = ContentType.swift; sourceTree = "<group>"; };
		D5B9650A1C922BCF0099D2F9 /* Method.swift */ = {isa = PBXFileReference; fileEncoding = 4; lastKnownFileType = sourcecode.swift; path = Method.swift; sourceTree = "<group>"; };
		D5B9650B1C922BCF0099D2F9 /* SessionConfiguration.swift */ = {isa = PBXFileReference; fileEncoding = 4; lastKnownFileType = sourcecode.swift; path = SessionConfiguration.swift; sourceTree = "<group>"; };
		D5B9650C1C922BCF0099D2F9 /* URLStringConvertible.swift */ = {isa = PBXFileReference; fileEncoding = 4; lastKnownFileType = sourcecode.swift; path = URLStringConvertible.swift; sourceTree = "<group>"; };
		D5B965161C922BDC0099D2F9 /* MIMEType.swift */ = {isa = PBXFileReference; fileEncoding = 4; lastKnownFileType = sourcecode.swift; path = MIMEType.swift; sourceTree = "<group>"; };
		D5B965171C922BDC0099D2F9 /* Wave.swift */ = {isa = PBXFileReference; fileEncoding = 4; lastKnownFileType = sourcecode.swift; path = Wave.swift; sourceTree = "<group>"; };
		D5B965181C922BDC0099D2F9 /* WaveSerialization.swift */ = {isa = PBXFileReference; fileEncoding = 4; lastKnownFileType = sourcecode.swift; path = WaveSerialization.swift; sourceTree = "<group>"; };
		D5B965191C922BDC0099D2F9 /* WaveValidation.swift */ = {isa = PBXFileReference; fileEncoding = 4; lastKnownFileType = sourcecode.swift; path = WaveValidation.swift; sourceTree = "<group>"; };
		D5B965231C922C1F0099D2F9 /* ETagStorageSpec.swift */ = {isa = PBXFileReference; fileEncoding = 4; lastKnownFileType = sourcecode.swift; path = ETagStorageSpec.swift; sourceTree = "<group>"; };
		D5B965261C922C420099D2F9 /* MIMETypeSpec.swift */ = {isa = PBXFileReference; fileEncoding = 4; lastKnownFileType = sourcecode.swift; path = MIMETypeSpec.swift; sourceTree = "<group>"; };
		D5B965271C922C420099D2F9 /* WaveSerializationSpec.swift */ = {isa = PBXFileReference; fileEncoding = 4; lastKnownFileType = sourcecode.swift; path = WaveSerializationSpec.swift; sourceTree = "<group>"; };
		D5B965281C922C420099D2F9 /* WaveSpec.swift */ = {isa = PBXFileReference; fileEncoding = 4; lastKnownFileType = sourcecode.swift; path = WaveSpec.swift; sourceTree = "<group>"; };
		D5B965291C922C420099D2F9 /* WaveValidationSpec.swift */ = {isa = PBXFileReference; fileEncoding = 4; lastKnownFileType = sourcecode.swift; path = WaveValidationSpec.swift; sourceTree = "<group>"; };
		D5B965321C922C500099D2F9 /* ContentTypeSpec.swift */ = {isa = PBXFileReference; fileEncoding = 4; lastKnownFileType = sourcecode.swift; path = ContentTypeSpec.swift; sourceTree = "<group>"; };
		D5B965331C922C500099D2F9 /* SessionConfigurationSpec.swift */ = {isa = PBXFileReference; fileEncoding = 4; lastKnownFileType = sourcecode.swift; path = SessionConfigurationSpec.swift; sourceTree = "<group>"; };
		D5B965341C922C500099D2F9 /* URLStringConvertibleSpec.swift */ = {isa = PBXFileReference; fileEncoding = 4; lastKnownFileType = sourcecode.swift; path = URLStringConvertibleSpec.swift; sourceTree = "<group>"; };
		D5B9653B1C92340C0099D2F9 /* UtilsSpec.swift */ = {isa = PBXFileReference; fileEncoding = 4; lastKnownFileType = sourcecode.swift; path = UtilsSpec.swift; sourceTree = "<group>"; };
		D5C1D06E1CB3D49F00A076D6 /* Ride.swift */ = {isa = PBXFileReference; fileEncoding = 4; lastKnownFileType = sourcecode.swift; path = Ride.swift; sourceTree = "<group>"; };
		D5C629401C3A7FAA007F7B7C /* Malibu.framework */ = {isa = PBXFileReference; explicitFileType = wrapper.framework; includeInIndex = 0; path = Malibu.framework; sourceTree = BUILT_PRODUCTS_DIR; };
		D5C629491C3A7FAA007F7B7C /* Malibu-Mac-Tests.xctest */ = {isa = PBXFileReference; explicitFileType = wrapper.cfbundle; includeInIndex = 0; path = "Malibu-Mac-Tests.xctest"; sourceTree = BUILT_PRODUCTS_DIR; };
		D5C629751C3A878E007F7B7C /* Quick.framework */ = {isa = PBXFileReference; lastKnownFileType = wrapper.framework; name = Quick.framework; path = Carthage/Build/iOS/Quick.framework; sourceTree = "<group>"; };
		D5C629761C3A878E007F7B7C /* Nimble.framework */ = {isa = PBXFileReference; lastKnownFileType = wrapper.framework; name = Nimble.framework; path = Carthage/Build/iOS/Nimble.framework; sourceTree = "<group>"; };
		D5C6298B1C3A8BBD007F7B7C /* Info-iOS.plist */ = {isa = PBXFileReference; fileEncoding = 4; lastKnownFileType = text.plist.xml; path = "Info-iOS.plist"; sourceTree = "<group>"; };
		D5C6298C1C3A8BBD007F7B7C /* Info-Mac.plist */ = {isa = PBXFileReference; fileEncoding = 4; lastKnownFileType = text.plist.xml; path = "Info-Mac.plist"; sourceTree = "<group>"; };
		D5C629901C3A8BDA007F7B7C /* Info-iOS.plist */ = {isa = PBXFileReference; fileEncoding = 4; lastKnownFileType = text.plist.xml; path = "Info-iOS.plist"; sourceTree = "<group>"; };
		D5C629911C3A8BDA007F7B7C /* Info-Mac.plist */ = {isa = PBXFileReference; fileEncoding = 4; lastKnownFileType = text.plist.xml; path = "Info-Mac.plist"; sourceTree = "<group>"; };
		D5E061D61D06E5AD009740F2 /* When.framework */ = {isa = PBXFileReference; lastKnownFileType = wrapper.framework; name = When.framework; path = Carthage/Build/Mac/When.framework; sourceTree = "<group>"; };
		D5E061DA1D06E5EF009740F2 /* Quick.framework */ = {isa = PBXFileReference; lastKnownFileType = wrapper.framework; name = Quick.framework; path = Carthage/Build/Mac/Quick.framework; sourceTree = "<group>"; };
		D5E061DB1D06E5EF009740F2 /* Nimble.framework */ = {isa = PBXFileReference; lastKnownFileType = wrapper.framework; name = Nimble.framework; path = Carthage/Build/Mac/Nimble.framework; sourceTree = "<group>"; };
		D5EB7C5F1CB01E73003A3BA9 /* ETagPolicy.swift */ = {isa = PBXFileReference; fileEncoding = 4; lastKnownFileType = sourcecode.swift; path = ETagPolicy.swift; sourceTree = "<group>"; };
		D5EB7C621CB02323003A3BA9 /* MethodRequestable.swift */ = {isa = PBXFileReference; fileEncoding = 4; lastKnownFileType = sourcecode.swift; path = MethodRequestable.swift; sourceTree = "<group>"; };
		D5EB7C681CB039DC003A3BA9 /* QueryBuilder.swift */ = {isa = PBXFileReference; fileEncoding = 4; lastKnownFileType = sourcecode.swift; path = QueryBuilder.swift; sourceTree = "<group>"; };
		D5EB7C6B1CB03AA0003A3BA9 /* QueryBuilderSpec.swift */ = {isa = PBXFileReference; fileEncoding = 4; lastKnownFileType = sourcecode.swift; path = QueryBuilderSpec.swift; sourceTree = "<group>"; };
		D5EB7C6E1CB04543003A3BA9 /* MethodRequestableSpec.swift */ = {isa = PBXFileReference; fileEncoding = 4; lastKnownFileType = sourcecode.swift; path = MethodRequestableSpec.swift; sourceTree = "<group>"; };
		DA5B4CEB1C8E51A0004E21ED /* DataSerializer.swift */ = {isa = PBXFileReference; fileEncoding = 4; lastKnownFileType = sourcecode.swift; path = DataSerializer.swift; sourceTree = "<group>"; };
		DA5B4CEE1C8E5553004E21ED /* StringSerializer.swift */ = {isa = PBXFileReference; fileEncoding = 4; lastKnownFileType = sourcecode.swift; path = StringSerializer.swift; sourceTree = "<group>"; };
		DA5B4CF71C8E5936004E21ED /* Error.swift */ = {isa = PBXFileReference; fileEncoding = 4; lastKnownFileType = sourcecode.swift; path = Error.swift; sourceTree = "<group>"; };
		DA5B4CFA1C8E5953004E21ED /* ErrorSpec.swift */ = {isa = PBXFileReference; fileEncoding = 4; lastKnownFileType = sourcecode.swift; path = ErrorSpec.swift; sourceTree = "<group>"; };
		DA5B4D031C8E59A2004E21ED /* Networking.swift */ = {isa = PBXFileReference; fileEncoding = 4; lastKnownFileType = sourcecode.swift; path = Networking.swift; sourceTree = "<group>"; };
		DA5B4D0E1C8E5A07004E21ED /* NetworkingSpec.swift */ = {isa = PBXFileReference; fileEncoding = 4; lastKnownFileType = sourcecode.swift; path = NetworkingSpec.swift; sourceTree = "<group>"; };
		DAA50FF01C97738400D01F78 /* Header.swift */ = {isa = PBXFileReference; fileEncoding = 4; lastKnownFileType = sourcecode.swift; path = Header.swift; sourceTree = "<group>"; };
		DAA50FF31C9786BE00D01F78 /* HeaderSpec.swift */ = {isa = PBXFileReference; fileEncoding = 4; lastKnownFileType = sourcecode.swift; path = HeaderSpec.swift; sourceTree = "<group>"; };
		DAA50FF71C9A1E8800D01F78 /* SessionDataTask.swift */ = {isa = PBXFileReference; fileEncoding = 4; lastKnownFileType = sourcecode.swift; path = SessionDataTask.swift; sourceTree = "<group>"; };
		DAA50FFA1C9A1EBB00D01F78 /* TaskRunning.swift */ = {isa = PBXFileReference; fileEncoding = 4; lastKnownFileType = sourcecode.swift; path = TaskRunning.swift; sourceTree = "<group>"; };
		DAA510011C9A2D3C00D01F78 /* Mock.swift */ = {isa = PBXFileReference; fileEncoding = 4; lastKnownFileType = sourcecode.swift; path = Mock.swift; sourceTree = "<group>"; };
		DAA510041C9A2D5800D01F78 /* MockDataTask.swift */ = {isa = PBXFileReference; fileEncoding = 4; lastKnownFileType = sourcecode.swift; path = MockDataTask.swift; sourceTree = "<group>"; };
		DAC92A051C7F90B400F01940 /* Malibu.swift */ = {isa = PBXFileReference; fileEncoding = 4; lastKnownFileType = sourcecode.swift; path = Malibu.swift; sourceTree = "<group>"; };
		DAC92A081C7F961900F01940 /* FormURLEncoder.swift */ = {isa = PBXFileReference; fileEncoding = 4; lastKnownFileType = sourcecode.swift; path = FormURLEncoder.swift; sourceTree = "<group>"; };
		DAC92A0B1C7FA5E700F01940 /* FormURLEncoderSpec.swift */ = {isa = PBXFileReference; fileEncoding = 4; lastKnownFileType = sourcecode.swift; path = FormURLEncoderSpec.swift; sourceTree = "<group>"; };
		DAC92A101C7FCF9000F01940 /* MalibuSpec.swift */ = {isa = PBXFileReference; fileEncoding = 4; lastKnownFileType = sourcecode.swift; path = MalibuSpec.swift; sourceTree = "<group>"; };
		DAC92A291C83A38400F01940 /* When.framework */ = {isa = PBXFileReference; lastKnownFileType = wrapper.framework; name = When.framework; path = Carthage/Build/iOS/When.framework; sourceTree = "<group>"; };
		DAC92A351C87B92200F01940 /* Validating.swift */ = {isa = PBXFileReference; fileEncoding = 4; lastKnownFileType = sourcecode.swift; path = Validating.swift; sourceTree = "<group>"; };
		DAC92A381C87B95100F01940 /* StatusCodeValidator.swift */ = {isa = PBXFileReference; fileEncoding = 4; lastKnownFileType = sourcecode.swift; path = StatusCodeValidator.swift; sourceTree = "<group>"; };
		DAC92A3B1C87C00C00F01940 /* ContentTypeValidator.swift */ = {isa = PBXFileReference; fileEncoding = 4; lastKnownFileType = sourcecode.swift; path = ContentTypeValidator.swift; sourceTree = "<group>"; };
		DAEE2BAD1C7F8A870000FB12 /* ParameterEncoding.swift */ = {isa = PBXFileReference; fileEncoding = 4; lastKnownFileType = sourcecode.swift; path = ParameterEncoding.swift; sourceTree = "<group>"; };
		DAEE2BB01C7F8BA00000FB12 /* JSONEncoder.swift */ = {isa = PBXFileReference; fileEncoding = 4; lastKnownFileType = sourcecode.swift; path = JSONEncoder.swift; sourceTree = "<group>"; };
		DAEE2BB41C7F8C590000FB12 /* JSONEncoderSpec.swift */ = {isa = PBXFileReference; fileEncoding = 4; lastKnownFileType = sourcecode.swift; path = JSONEncoderSpec.swift; sourceTree = "<group>"; };
/* End PBXFileReference section */

/* Begin PBXFrameworksBuildPhase section */
		D5B2E89B1C3A780C00C0327D /* Frameworks */ = {
			isa = PBXFrameworksBuildPhase;
			buildActionMask = 2147483647;
			files = (
				DAC92A2A1C83A38400F01940 /* When.framework in Frameworks */,
			);
			runOnlyForDeploymentPostprocessing = 0;
		};
		D5B2E8A61C3A780C00C0327D /* Frameworks */ = {
			isa = PBXFrameworksBuildPhase;
			buildActionMask = 2147483647;
			files = (
				D5C629771C3A878E007F7B7C /* Quick.framework in Frameworks */,
				D5C629781C3A878E007F7B7C /* Nimble.framework in Frameworks */,
				DAC92A3E1C8E458A00F01940 /* When.framework in Frameworks */,
				D5B2E8AA1C3A780C00C0327D /* Malibu.framework in Frameworks */,
			);
			runOnlyForDeploymentPostprocessing = 0;
		};
		D5C6293C1C3A7FAA007F7B7C /* Frameworks */ = {
			isa = PBXFrameworksBuildPhase;
			buildActionMask = 2147483647;
			files = (
				D5E061D71D06E5AD009740F2 /* When.framework in Frameworks */,
			);
			runOnlyForDeploymentPostprocessing = 0;
		};
		D5C629461C3A7FAA007F7B7C /* Frameworks */ = {
			isa = PBXFrameworksBuildPhase;
			buildActionMask = 2147483647;
			files = (
				D5E061DC1D06E5EF009740F2 /* Quick.framework in Frameworks */,
				D5E061DD1D06E5EF009740F2 /* Nimble.framework in Frameworks */,
				D5E061D91D06E5EF009740F2 /* When.framework in Frameworks */,
				D5C6294A1C3A7FAA007F7B7C /* Malibu.framework in Frameworks */,
			);
			runOnlyForDeploymentPostprocessing = 0;
		};
/* End PBXFrameworksBuildPhase section */

/* Begin PBXGroup section */
		D503D38B1C8DA6CF0009BDAD /* Serialization */ = {
			isa = PBXGroup;
			children = (
				D503D38C1C8DA7730009BDAD /* Serializing.swift */,
				D503D38F1C8DA95B0009BDAD /* JSONSerializer.swift */,
				DA5B4CEB1C8E51A0004E21ED /* DataSerializer.swift */,
				DA5B4CEE1C8E5553004E21ED /* StringSerializer.swift */,
			);
			path = Serialization;
			sourceTree = "<group>";
		};
		D503D3A31C8EC73B0009BDAD /* Helpers */ = {
			isa = PBXGroup;
			children = (
				D503D3A41C8EC7550009BDAD /* NetworkPromiseSpec.swift */,
				D5B964ED1C916CBF0099D2F9 /* Mocks.swift */,
			);
			path = Helpers;
			sourceTree = "<group>";
		};
		D527ED871C9B6AAD0092AD6B /* Tasks */ = {
			isa = PBXGroup;
			children = (
				D527ED881C9B6B0F0092AD6B /* TaskRunningSpec.swift */,
				D527ED8B1C9B72450092AD6B /* SessionDataTaskSpec.swift */,
			);
			path = Tasks;
			sourceTree = "<group>";
		};
		D527ED8E1C9B73C90092AD6B /* Mocks */ = {
			isa = PBXGroup;
			children = (
				D527ED8F1C9B73D80092AD6B /* MockSpec.swift */,
				D527ED921C9B77150092AD6B /* MockDataTaskSpec.swift */,
			);
			path = Mocks;
			sourceTree = "<group>";
		};
		D549C8541C8F65FE00588A0C /* Serialization */ = {
			isa = PBXGroup;
			children = (
				D549C8551C8F661E00588A0C /* JSONSerializerSpec.swift */,
				D549C8581C8F6BB500588A0C /* DataSerializerSpec.swift */,
				D549C85B1C8F6C8800588A0C /* StringSerializerSpec.swift */,
			);
			path = Serialization;
			sourceTree = "<group>";
		};
		D559C5E01CC018FA00700B3C /* JSON */ = {
			isa = PBXGroup;
			children = (
				D559C5E11CC0191700700B3C /* mock.json */,
			);
			path = JSON;
			sourceTree = "<group>";
		};
		D560A2E21C8C663000D4B640 /* Validation */ = {
			isa = PBXGroup;
			children = (
				D560A2E31C8C66EC00D4B640 /* StatusCodeVadatorSpec.swift */,
				D560A2E61C8C694100D4B640 /* ContentTypeValidatorSpec.swift */,
			);
			path = Validation;
			sourceTree = "<group>";
		};
		D5B2E8951C3A780C00C0327D = {
			isa = PBXGroup;
			children = (
				D500FD111C3AABED00782D78 /* Playground-iOS.playground */,
				D5C629691C3A809D007F7B7C /* Sources */,
				D5C6295C1C3A800E007F7B7C /* Malibu */,
				D5C6298F1C3A8BDA007F7B7C /* MalibuTests */,
				DAC92A3F1C8E459200F01940 /* Frameworks */,
				D5B2E8A01C3A780C00C0327D /* Products */,
			);
			sourceTree = "<group>";
		};
		D5B2E8A01C3A780C00C0327D /* Products */ = {
			isa = PBXGroup;
			children = (
				D5B2E89F1C3A780C00C0327D /* Malibu.framework */,
				D5B2E8A91C3A780C00C0327D /* Malibu-iOS-Tests.xctest */,
				D5C629401C3A7FAA007F7B7C /* Malibu.framework */,
				D5C629491C3A7FAA007F7B7C /* Malibu-Mac-Tests.xctest */,
			);
			name = Products;
			sourceTree = "<group>";
		};
		D5B964F01C92119D0099D2F9 /* Request */ = {
			isa = PBXGroup;
			children = (
				D5B965091C922BCF0099D2F9 /* ContentType.swift */,
				D5B9650A1C922BCF0099D2F9 /* Method.swift */,
				DAA50FF01C97738400D01F78 /* Header.swift */,
				D5B9650B1C922BCF0099D2F9 /* SessionConfiguration.swift */,
				D5B9650C1C922BCF0099D2F9 /* URLStringConvertible.swift */,
				D5B964F11C9211AF0099D2F9 /* Message.swift */,
				D5B964F41C92125E0099D2F9 /* Requestable.swift */,
				D5EB7C621CB02323003A3BA9 /* MethodRequestable.swift */,
				D5EB7C5F1CB01E73003A3BA9 /* ETagPolicy.swift */,
				D5C1D06E1CB3D49F00A076D6 /* Ride.swift */,
			);
			path = Request;
			sourceTree = "<group>";
		};
		D5B964F71C9216EB0099D2F9 /* Request */ = {
			isa = PBXGroup;
			children = (
				D5B965321C922C500099D2F9 /* ContentTypeSpec.swift */,
				D527ED981C9B84A20092AD6B /* MethodSpec.swift */,
				DAA50FF31C9786BE00D01F78 /* HeaderSpec.swift */,
				D5B965331C922C500099D2F9 /* SessionConfigurationSpec.swift */,
				D5B965341C922C500099D2F9 /* URLStringConvertibleSpec.swift */,
				D5B964F81C9216FD0099D2F9 /* MessageSpec.swift */,
				D5B964FB1C9217140099D2F9 /* RequestableSpec.swift */,
				D5EB7C6E1CB04543003A3BA9 /* MethodRequestableSpec.swift */,
			);
			path = Request;
			sourceTree = "<group>";
		};
		D5B965151C922BDC0099D2F9 /* Response */ = {
			isa = PBXGroup;
			children = (
				D5B965161C922BDC0099D2F9 /* MIMEType.swift */,
				D5B965171C922BDC0099D2F9 /* Wave.swift */,
				D5B965181C922BDC0099D2F9 /* WaveSerialization.swift */,
				D5B965191C922BDC0099D2F9 /* WaveValidation.swift */,
			);
			path = Response;
			sourceTree = "<group>";
		};
		D5B965221C922BF90099D2F9 /* Response */ = {
			isa = PBXGroup;
			children = (
				D5B965261C922C420099D2F9 /* MIMETypeSpec.swift */,
				D5B965281C922C420099D2F9 /* WaveSpec.swift */,
				D5B965271C922C420099D2F9 /* WaveSerializationSpec.swift */,
				D5B965291C922C420099D2F9 /* WaveValidationSpec.swift */,
			);
			path = Response;
			sourceTree = "<group>";
		};
		D5C6295C1C3A800E007F7B7C /* Malibu */ = {
			isa = PBXGroup;
			children = (
				D5C6298B1C3A8BBD007F7B7C /* Info-iOS.plist */,
				D5C6298C1C3A8BBD007F7B7C /* Info-Mac.plist */,
			);
			path = Malibu;
			sourceTree = "<group>";
		};
		D5C629691C3A809D007F7B7C /* Sources */ = {
			isa = PBXGroup;
			children = (
				D5D3898E1C88DF900039967A /* Helpers */,
				DAEE2BAC1C7F8A770000FB12 /* Encoding */,
				DAC92A341C87B8F300F01940 /* Validation */,
				D503D38B1C8DA6CF0009BDAD /* Serialization */,
				DAA50FF61C9A1D8800D01F78 /* Tasks */,
				DAA510001C9A2D2000D01F78 /* Mocks */,
				D5B964F01C92119D0099D2F9 /* Request */,
				D5B965151C922BDC0099D2F9 /* Response */,
				DAC92A051C7F90B400F01940 /* Malibu.swift */,
				DA5B4D031C8E59A2004E21ED /* Networking.swift */,
				DA5B4CF71C8E5936004E21ED /* Error.swift */,
				D5A3DC871CD164750084F451 /* Logging.swift */,
			);
			path = Sources;
			sourceTree = "<group>";
		};
		D5C6298F1C3A8BDA007F7B7C /* MalibuTests */ = {
			isa = PBXGroup;
			children = (
				D559C5E01CC018FA00700B3C /* JSON */,
				D503D3A31C8EC73B0009BDAD /* Helpers */,
				DAEE2BA01C7F8A1C0000FB12 /* Specs */,
				D5C629901C3A8BDA007F7B7C /* Info-iOS.plist */,
				D5C629911C3A8BDA007F7B7C /* Info-Mac.plist */,
			);
			path = MalibuTests;
			sourceTree = "<group>";
		};
		D5D3898E1C88DF900039967A /* Helpers */ = {
			isa = PBXGroup;
			children = (
				D5B965031C9225720099D2F9 /* ETagStorage.swift */,
				D5B965061C9225B50099D2F9 /* Utils.swift */,
				D5EB7C681CB039DC003A3BA9 /* QueryBuilder.swift */,
			);
			path = Helpers;
			sourceTree = "<group>";
		};
		D5D389A51C88E01C0039967A /* Helpers */ = {
			isa = PBXGroup;
			children = (
				D5B965231C922C1F0099D2F9 /* ETagStorageSpec.swift */,
				D5B9653B1C92340C0099D2F9 /* UtilsSpec.swift */,
				D5EB7C6B1CB03AA0003A3BA9 /* QueryBuilderSpec.swift */,
			);
			path = Helpers;
			sourceTree = "<group>";
		};
		DAA50FF61C9A1D8800D01F78 /* Tasks */ = {
			isa = PBXGroup;
			children = (
				DAA50FFA1C9A1EBB00D01F78 /* TaskRunning.swift */,
				DAA50FF71C9A1E8800D01F78 /* SessionDataTask.swift */,
			);
			path = Tasks;
			sourceTree = "<group>";
		};
		DAA510001C9A2D2000D01F78 /* Mocks */ = {
			isa = PBXGroup;
			children = (
				DAA510011C9A2D3C00D01F78 /* Mock.swift */,
				DAA510041C9A2D5800D01F78 /* MockDataTask.swift */,
			);
			path = Mocks;
			sourceTree = "<group>";
		};
		DAC92A341C87B8F300F01940 /* Validation */ = {
			isa = PBXGroup;
			children = (
				DAC92A351C87B92200F01940 /* Validating.swift */,
				DAC92A381C87B95100F01940 /* StatusCodeValidator.swift */,
				DAC92A3B1C87C00C00F01940 /* ContentTypeValidator.swift */,
			);
			path = Validation;
			sourceTree = "<group>";
		};
		DAC92A3F1C8E459200F01940 /* Frameworks */ = {
			isa = PBXGroup;
			children = (
				D5E061DA1D06E5EF009740F2 /* Quick.framework */,
				D5E061DB1D06E5EF009740F2 /* Nimble.framework */,
				D5E061D61D06E5AD009740F2 /* When.framework */,
				DAC92A291C83A38400F01940 /* When.framework */,
				D5C629751C3A878E007F7B7C /* Quick.framework */,
				D5C629761C3A878E007F7B7C /* Nimble.framework */,
			);
			name = Frameworks;
			sourceTree = "<group>";
		};
		DAEE2BA01C7F8A1C0000FB12 /* Specs */ = {
			isa = PBXGroup;
			children = (
				D5D389A51C88E01C0039967A /* Helpers */,
				DAEE2BB31C7F8C500000FB12 /* Encoding */,
				D560A2E21C8C663000D4B640 /* Validation */,
				D549C8541C8F65FE00588A0C /* Serialization */,
				D527ED871C9B6AAD0092AD6B /* Tasks */,
				D527ED8E1C9B73C90092AD6B /* Mocks */,
				D5B964F71C9216EB0099D2F9 /* Request */,
				D5B965221C922BF90099D2F9 /* Response */,
				DAC92A101C7FCF9000F01940 /* MalibuSpec.swift */,
				DA5B4D0E1C8E5A07004E21ED /* NetworkingSpec.swift */,
				DA5B4CFA1C8E5953004E21ED /* ErrorSpec.swift */,
			);
			path = Specs;
			sourceTree = "<group>";
		};
		DAEE2BAC1C7F8A770000FB12 /* Encoding */ = {
			isa = PBXGroup;
			children = (
				DAEE2BAD1C7F8A870000FB12 /* ParameterEncoding.swift */,
				DAEE2BB01C7F8BA00000FB12 /* JSONEncoder.swift */,
				DAC92A081C7F961900F01940 /* FormURLEncoder.swift */,
				D5ABDDA91CD78BC700C78B5F /* MultipartFormEncoder.swift */,
			);
			path = Encoding;
			sourceTree = "<group>";
		};
		DAEE2BB31C7F8C500000FB12 /* Encoding */ = {
			isa = PBXGroup;
			children = (
				DAEE2BB41C7F8C590000FB12 /* JSONEncoderSpec.swift */,
				DAC92A0B1C7FA5E700F01940 /* FormURLEncoderSpec.swift */,
				D5ABDDAC1CD8132700C78B5F /* MultipartFormEncoderSpec.swift */,
			);
			path = Encoding;
			sourceTree = "<group>";
		};
/* End PBXGroup section */

/* Begin PBXHeadersBuildPhase section */
		D5B2E89C1C3A780C00C0327D /* Headers */ = {
			isa = PBXHeadersBuildPhase;
			buildActionMask = 2147483647;
			files = (
			);
			runOnlyForDeploymentPostprocessing = 0;
		};
		D5C6293D1C3A7FAA007F7B7C /* Headers */ = {
			isa = PBXHeadersBuildPhase;
			buildActionMask = 2147483647;
			files = (
			);
			runOnlyForDeploymentPostprocessing = 0;
		};
/* End PBXHeadersBuildPhase section */

/* Begin PBXNativeTarget section */
		D5B2E89E1C3A780C00C0327D /* Malibu-iOS */ = {
			isa = PBXNativeTarget;
			buildConfigurationList = D5B2E8B31C3A780C00C0327D /* Build configuration list for PBXNativeTarget "Malibu-iOS" */;
			buildPhases = (
				D5B2E89A1C3A780C00C0327D /* Sources */,
				D5B2E89B1C3A780C00C0327D /* Frameworks */,
				D5B2E89C1C3A780C00C0327D /* Headers */,
				D5B2E89D1C3A780C00C0327D /* Resources */,
				DAC92A281C83A35700F01940 /* Copy frameworks with Carthage */,
			);
			buildRules = (
			);
			dependencies = (
			);
			name = "Malibu-iOS";
			productName = Malibu;
			productReference = D5B2E89F1C3A780C00C0327D /* Malibu.framework */;
			productType = "com.apple.product-type.framework";
		};
		D5B2E8A81C3A780C00C0327D /* Malibu-iOS-Tests */ = {
			isa = PBXNativeTarget;
			buildConfigurationList = D5B2E8B61C3A780C00C0327D /* Build configuration list for PBXNativeTarget "Malibu-iOS-Tests" */;
			buildPhases = (
				D5B2E8A51C3A780C00C0327D /* Sources */,
				D5B2E8A61C3A780C00C0327D /* Frameworks */,
				D5B2E8A71C3A780C00C0327D /* Resources */,
				D5C629731C3A86E3007F7B7C /* Copy frameworks with Carthage */,
			);
			buildRules = (
			);
			dependencies = (
				D5B2E8AC1C3A780C00C0327D /* PBXTargetDependency */,
			);
			name = "Malibu-iOS-Tests";
			productName = MalibuTests;
			productReference = D5B2E8A91C3A780C00C0327D /* Malibu-iOS-Tests.xctest */;
			productType = "com.apple.product-type.bundle.unit-test";
		};
		D5C6293F1C3A7FAA007F7B7C /* Malibu-Mac */ = {
			isa = PBXNativeTarget;
			buildConfigurationList = D5C629511C3A7FAA007F7B7C /* Build configuration list for PBXNativeTarget "Malibu-Mac" */;
			buildPhases = (
				D5C6293B1C3A7FAA007F7B7C /* Sources */,
				D5C6293C1C3A7FAA007F7B7C /* Frameworks */,
				D5C6293D1C3A7FAA007F7B7C /* Headers */,
				D5C6293E1C3A7FAA007F7B7C /* Resources */,
				D5E061D81D06E5BE009740F2 /* Copy frameworks with Carthage */,
			);
			buildRules = (
			);
			dependencies = (
			);
			name = "Malibu-Mac";
			productName = "Malibu-Mac";
			productReference = D5C629401C3A7FAA007F7B7C /* Malibu.framework */;
			productType = "com.apple.product-type.framework";
		};
		D5C629481C3A7FAA007F7B7C /* Malibu-Mac-Tests */ = {
			isa = PBXNativeTarget;
			buildConfigurationList = D5C629541C3A7FAA007F7B7C /* Build configuration list for PBXNativeTarget "Malibu-Mac-Tests" */;
			buildPhases = (
				D5C629451C3A7FAA007F7B7C /* Sources */,
				D5C629461C3A7FAA007F7B7C /* Frameworks */,
				D5C629471C3A7FAA007F7B7C /* Resources */,
				D5C629741C3A8717007F7B7C /* Copy frameworks with Carthage */,
			);
			buildRules = (
			);
			dependencies = (
				D5C6294C1C3A7FAA007F7B7C /* PBXTargetDependency */,
			);
			name = "Malibu-Mac-Tests";
			productName = "Malibu-MacTests";
			productReference = D5C629491C3A7FAA007F7B7C /* Malibu-Mac-Tests.xctest */;
			productType = "com.apple.product-type.bundle.unit-test";
		};
/* End PBXNativeTarget section */

/* Begin PBXProject section */
		D5B2E8961C3A780C00C0327D /* Project object */ = {
			isa = PBXProject;
			attributes = {
				LastSwiftUpdateCheck = 0720;
				LastUpgradeCheck = 0720;
				ORGANIZATIONNAME = "Hyper Interaktiv AS";
				TargetAttributes = {
					D5B2E89E1C3A780C00C0327D = {
						CreatedOnToolsVersion = 7.2;
					};
					D5B2E8A81C3A780C00C0327D = {
						CreatedOnToolsVersion = 7.2;
					};
					D5C6293F1C3A7FAA007F7B7C = {
						CreatedOnToolsVersion = 7.2;
					};
					D5C629481C3A7FAA007F7B7C = {
						CreatedOnToolsVersion = 7.2;
					};
				};
			};
			buildConfigurationList = D5B2E8991C3A780C00C0327D /* Build configuration list for PBXProject "Malibu" */;
			compatibilityVersion = "Xcode 3.2";
			developmentRegion = English;
			hasScannedForEncodings = 0;
			knownRegions = (
				en,
			);
			mainGroup = D5B2E8951C3A780C00C0327D;
			productRefGroup = D5B2E8A01C3A780C00C0327D /* Products */;
			projectDirPath = "";
			projectRoot = "";
			targets = (
				D5B2E89E1C3A780C00C0327D /* Malibu-iOS */,
				D5C6293F1C3A7FAA007F7B7C /* Malibu-Mac */,
				D5B2E8A81C3A780C00C0327D /* Malibu-iOS-Tests */,
				D5C629481C3A7FAA007F7B7C /* Malibu-Mac-Tests */,
			);
		};
/* End PBXProject section */

/* Begin PBXResourcesBuildPhase section */
		D5B2E89D1C3A780C00C0327D /* Resources */ = {
			isa = PBXResourcesBuildPhase;
			buildActionMask = 2147483647;
			files = (
			);
			runOnlyForDeploymentPostprocessing = 0;
		};
		D5B2E8A71C3A780C00C0327D /* Resources */ = {
			isa = PBXResourcesBuildPhase;
			buildActionMask = 2147483647;
			files = (
				D559C5E21CC0191700700B3C /* mock.json in Resources */,
			);
			runOnlyForDeploymentPostprocessing = 0;
		};
		D5C6293E1C3A7FAA007F7B7C /* Resources */ = {
			isa = PBXResourcesBuildPhase;
			buildActionMask = 2147483647;
			files = (
			);
			runOnlyForDeploymentPostprocessing = 0;
		};
		D5C629471C3A7FAA007F7B7C /* Resources */ = {
			isa = PBXResourcesBuildPhase;
			buildActionMask = 2147483647;
			files = (
				D559C5E31CC0191700700B3C /* mock.json in Resources */,
			);
			runOnlyForDeploymentPostprocessing = 0;
		};
/* End PBXResourcesBuildPhase section */

/* Begin PBXShellScriptBuildPhase section */
		D5C629731C3A86E3007F7B7C /* Copy frameworks with Carthage */ = {
			isa = PBXShellScriptBuildPhase;
			buildActionMask = 2147483647;
			files = (
			);
			inputPaths = (
				"$(SRCROOT)/Carthage/Build/iOS/Quick.framework",
				"$(SRCROOT)/Carthage/Build/iOS/Nimble.framework",
				"$(SRCROOT)/Carthage/Build/iOS/When.framework",
			);
			name = "Copy frameworks with Carthage";
			outputPaths = (
			);
			runOnlyForDeploymentPostprocessing = 0;
			shellPath = /bin/sh;
			shellScript = "/usr/local/bin/carthage copy-frameworks";
		};
		D5C629741C3A8717007F7B7C /* Copy frameworks with Carthage */ = {
			isa = PBXShellScriptBuildPhase;
			buildActionMask = 2147483647;
			files = (
			);
			inputPaths = (
				"$(SRCROOT)/Carthage/Build/Mac/Quick.framework",
				"$(SRCROOT)/Carthage/Build/Mac/Nimble.framework",
				"$(SRCROOT)/Carthage/Build/Mac/When.framework",
			);
			name = "Copy frameworks with Carthage";
			outputPaths = (
			);
			runOnlyForDeploymentPostprocessing = 0;
			shellPath = /bin/sh;
			shellScript = "/usr/local/bin/carthage copy-frameworks";
		};
		D5E061D81D06E5BE009740F2 /* Copy frameworks with Carthage */ = {
			isa = PBXShellScriptBuildPhase;
			buildActionMask = 2147483647;
			files = (
			);
			inputPaths = (
				"$(SRCROOT)/Carthage/Build/Mac/When.framework",
			);
			name = "Copy frameworks with Carthage";
			outputPaths = (
			);
			runOnlyForDeploymentPostprocessing = 0;
			shellPath = /bin/sh;
			shellScript = "/usr/local/bin/carthage copy-frameworks";
		};
		DAC92A281C83A35700F01940 /* Copy frameworks with Carthage */ = {
			isa = PBXShellScriptBuildPhase;
			buildActionMask = 2147483647;
			files = (
			);
			inputPaths = (
				"$(SRCROOT)/Carthage/Build/iOS/When.framework",
			);
			name = "Copy frameworks with Carthage";
			outputPaths = (
			);
			runOnlyForDeploymentPostprocessing = 0;
			shellPath = /bin/sh;
			shellScript = "/usr/local/bin/carthage copy-frameworks";
		};
/* End PBXShellScriptBuildPhase section */

/* Begin PBXSourcesBuildPhase section */
		D5B2E89A1C3A780C00C0327D /* Sources */ = {
			isa = PBXSourcesBuildPhase;
			buildActionMask = 2147483647;
			files = (
				D5EB7C631CB02323003A3BA9 /* MethodRequestable.swift in Sources */,
				DAA510051C9A2D5800D01F78 /* MockDataTask.swift in Sources */,
				DAA50FF81C9A1E8800D01F78 /* SessionDataTask.swift in Sources */,
				DA5B4CEC1C8E51A0004E21ED /* DataSerializer.swift in Sources */,
				DAC92A3C1C87C00C00F01940 /* ContentTypeValidator.swift in Sources */,
				D503D3901C8DA95B0009BDAD /* JSONSerializer.swift in Sources */,
				D5B965071C9225B50099D2F9 /* Utils.swift in Sources */,
				DAEE2BB11C7F8BA00000FB12 /* JSONEncoder.swift in Sources */,
				DAC92A361C87B92200F01940 /* Validating.swift in Sources */,
				DAEE2BAE1C7F8A870000FB12 /* ParameterEncoding.swift in Sources */,
				D5B965131C922BCF0099D2F9 /* URLStringConvertible.swift in Sources */,
				DAA50FFB1C9A1EBB00D01F78 /* TaskRunning.swift in Sources */,
				D5B9651C1C922BDC0099D2F9 /* Wave.swift in Sources */,
				D503D38D1C8DA7730009BDAD /* Serializing.swift in Sources */,
				D5B964F51C92125E0099D2F9 /* Requestable.swift in Sources */,
				D5B965111C922BCF0099D2F9 /* SessionConfiguration.swift in Sources */,
				D5B965041C9225720099D2F9 /* ETagStorage.swift in Sources */,
				D5B9650F1C922BCF0099D2F9 /* Method.swift in Sources */,
				D5ABDDAA1CD78BC700C78B5F /* MultipartFormEncoder.swift in Sources */,
				DAA50FF11C97738400D01F78 /* Header.swift in Sources */,
				D5B965201C922BDC0099D2F9 /* WaveValidation.swift in Sources */,
				DAC92A091C7F961900F01940 /* FormURLEncoder.swift in Sources */,
				DAC92A061C7F90B400F01940 /* Malibu.swift in Sources */,
				DA5B4D0A1C8E59A2004E21ED /* Networking.swift in Sources */,
				DAC92A391C87B95100F01940 /* StatusCodeValidator.swift in Sources */,
				D5EB7C691CB039DC003A3BA9 /* QueryBuilder.swift in Sources */,
				DA5B4CEF1C8E5553004E21ED /* StringSerializer.swift in Sources */,
				DAA510021C9A2D3C00D01F78 /* Mock.swift in Sources */,
				D5B964F21C9211AF0099D2F9 /* Message.swift in Sources */,
				D5B9651E1C922BDC0099D2F9 /* WaveSerialization.swift in Sources */,
				D5EB7C601CB01E73003A3BA9 /* ETagPolicy.swift in Sources */,
				DA5B4CF81C8E5936004E21ED /* Error.swift in Sources */,
				D5A3DC881CD164750084F451 /* Logging.swift in Sources */,
				D5B9650D1C922BCF0099D2F9 /* ContentType.swift in Sources */,
				D5C1D06F1CB3D49F00A076D6 /* Ride.swift in Sources */,
				D5B9651A1C922BDC0099D2F9 /* MIMEType.swift in Sources */,
			);
			runOnlyForDeploymentPostprocessing = 0;
		};
		D5B2E8A51C3A780C00C0327D /* Sources */ = {
			isa = PBXSourcesBuildPhase;
			buildActionMask = 2147483647;
			files = (
				D503D3A51C8EC7550009BDAD /* NetworkPromiseSpec.swift in Sources */,
				D549C8591C8F6BB500588A0C /* DataSerializerSpec.swift in Sources */,
				DA5B4CFD1C8E5963004E21ED /* ErrorSpec.swift in Sources */,
				D549C8561C8F661E00588A0C /* JSONSerializerSpec.swift in Sources */,
				D5B965371C922C500099D2F9 /* SessionConfigurationSpec.swift in Sources */,
				D5B965391C922C500099D2F9 /* URLStringConvertibleSpec.swift in Sources */,
				D5B9652A1C922C420099D2F9 /* MIMETypeSpec.swift in Sources */,
				D5B964F91C9216FD0099D2F9 /* MessageSpec.swift in Sources */,
				D5B9653C1C92340C0099D2F9 /* UtilsSpec.swift in Sources */,
				DAEE2BB71C7F8C5D0000FB12 /* JSONEncoderSpec.swift in Sources */,
				DAC92A131C7FCF9400F01940 /* MalibuSpec.swift in Sources */,
				D5B9652C1C922C420099D2F9 /* WaveSerializationSpec.swift in Sources */,
				D5B964EE1C916CBF0099D2F9 /* Mocks.swift in Sources */,
				DA5B4D131C8E5A26004E21ED /* NetworkingSpec.swift in Sources */,
				D527ED8C1C9B72450092AD6B /* SessionDataTaskSpec.swift in Sources */,
				D5B964FC1C9217140099D2F9 /* RequestableSpec.swift in Sources */,
				D527ED901C9B73D80092AD6B /* MockSpec.swift in Sources */,
				DAA50FF41C9786BE00D01F78 /* HeaderSpec.swift in Sources */,
				DAC92A0E1C7FA5F500F01940 /* FormURLEncoderSpec.swift in Sources */,
				D5B965241C922C1F0099D2F9 /* ETagStorageSpec.swift in Sources */,
				D5EB7C6F1CB04543003A3BA9 /* MethodRequestableSpec.swift in Sources */,
				D560A2E71C8C694100D4B640 /* ContentTypeValidatorSpec.swift in Sources */,
				D560A2E41C8C66EC00D4B640 /* StatusCodeVadatorSpec.swift in Sources */,
				D5B965351C922C500099D2F9 /* ContentTypeSpec.swift in Sources */,
				D5EB7C6C1CB03AA0003A3BA9 /* QueryBuilderSpec.swift in Sources */,
				D527ED931C9B77150092AD6B /* MockDataTaskSpec.swift in Sources */,
				D5ABDDAF1CD8149500C78B5F /* MultipartFormEncoderSpec.swift in Sources */,
				D5B9652E1C922C420099D2F9 /* WaveSpec.swift in Sources */,
				D527ED891C9B6B0F0092AD6B /* TaskRunningSpec.swift in Sources */,
				D549C85C1C8F6C8800588A0C /* StringSerializerSpec.swift in Sources */,
				D527ED991C9B84A20092AD6B /* MethodSpec.swift in Sources */,
				D5B965301C922C420099D2F9 /* WaveValidationSpec.swift in Sources */,
			);
			runOnlyForDeploymentPostprocessing = 0;
		};
		D5C6293B1C3A7FAA007F7B7C /* Sources */ = {
			isa = PBXSourcesBuildPhase;
			buildActionMask = 2147483647;
			files = (
				D5EB7C641CB02323003A3BA9 /* MethodRequestable.swift in Sources */,
				DAA510061C9A2D5800D01F78 /* MockDataTask.swift in Sources */,
				DAA50FF91C9A1E8800D01F78 /* SessionDataTask.swift in Sources */,
				DA5B4CED1C8E51A0004E21ED /* DataSerializer.swift in Sources */,
				DAC92A3D1C87C00C00F01940 /* ContentTypeValidator.swift in Sources */,
				D503D3911C8DA95B0009BDAD /* JSONSerializer.swift in Sources */,
				D5B965081C9225B50099D2F9 /* Utils.swift in Sources */,
				DAEE2BB21C7F8BA00000FB12 /* JSONEncoder.swift in Sources */,
				DAC92A371C87B92200F01940 /* Validating.swift in Sources */,
				DAEE2BAF1C7F8A870000FB12 /* ParameterEncoding.swift in Sources */,
				D5B965141C922BCF0099D2F9 /* URLStringConvertible.swift in Sources */,
				DAA50FFC1C9A1EBB00D01F78 /* TaskRunning.swift in Sources */,
				D5B9651D1C922BDC0099D2F9 /* Wave.swift in Sources */,
				D503D38E1C8DA7730009BDAD /* Serializing.swift in Sources */,
				D5B964F61C92125E0099D2F9 /* Requestable.swift in Sources */,
				D5B965121C922BCF0099D2F9 /* SessionConfiguration.swift in Sources */,
				D5B965051C9225720099D2F9 /* ETagStorage.swift in Sources */,
				D5B965101C922BCF0099D2F9 /* Method.swift in Sources */,
				D5ABDDAB1CD78BC700C78B5F /* MultipartFormEncoder.swift in Sources */,
				DAA50FF21C97738400D01F78 /* Header.swift in Sources */,
				D5B965211C922BDC0099D2F9 /* WaveValidation.swift in Sources */,
				DAC92A0A1C7F961900F01940 /* FormURLEncoder.swift in Sources */,
				DAC92A071C7F90B400F01940 /* Malibu.swift in Sources */,
				DA5B4D0B1C8E59A2004E21ED /* Networking.swift in Sources */,
				DAC92A3A1C87B95100F01940 /* StatusCodeValidator.swift in Sources */,
				D5EB7C6A1CB039DC003A3BA9 /* QueryBuilder.swift in Sources */,
				DA5B4CF01C8E5553004E21ED /* StringSerializer.swift in Sources */,
				DAA510031C9A2D3C00D01F78 /* Mock.swift in Sources */,
				D5B964F31C9211AF0099D2F9 /* Message.swift in Sources */,
				D5B9651F1C922BDC0099D2F9 /* WaveSerialization.swift in Sources */,
				D5EB7C611CB01E73003A3BA9 /* ETagPolicy.swift in Sources */,
				DA5B4CF91C8E5936004E21ED /* Error.swift in Sources */,
				D5A3DC891CD164750084F451 /* Logging.swift in Sources */,
				D5B9650E1C922BCF0099D2F9 /* ContentType.swift in Sources */,
				D5C1D0701CB3D49F00A076D6 /* Ride.swift in Sources */,
				D5B9651B1C922BDC0099D2F9 /* MIMEType.swift in Sources */,
			);
			runOnlyForDeploymentPostprocessing = 0;
		};
		D5C629451C3A7FAA007F7B7C /* Sources */ = {
			isa = PBXSourcesBuildPhase;
			buildActionMask = 2147483647;
			files = (
				D503D3A61C8EC7550009BDAD /* NetworkPromiseSpec.swift in Sources */,
				D549C85A1C8F6BB500588A0C /* DataSerializerSpec.swift in Sources */,
				DA5B4CFE1C8E5963004E21ED /* ErrorSpec.swift in Sources */,
				D549C8571C8F661E00588A0C /* JSONSerializerSpec.swift in Sources */,
				D5B965381C922C500099D2F9 /* SessionConfigurationSpec.swift in Sources */,
				D5B9653A1C922C500099D2F9 /* URLStringConvertibleSpec.swift in Sources */,
				D5B9652B1C922C420099D2F9 /* MIMETypeSpec.swift in Sources */,
				D5B964FA1C9216FD0099D2F9 /* MessageSpec.swift in Sources */,
				D5B9653D1C92340C0099D2F9 /* UtilsSpec.swift in Sources */,
				DAEE2BB81C7F8C5E0000FB12 /* JSONEncoderSpec.swift in Sources */,
				DAC92A141C7FCF9500F01940 /* MalibuSpec.swift in Sources */,
				D5B9652D1C922C420099D2F9 /* WaveSerializationSpec.swift in Sources */,
				D5B964EF1C916CBF0099D2F9 /* Mocks.swift in Sources */,
				DA5B4D141C8E5A26004E21ED /* NetworkingSpec.swift in Sources */,
				D527ED8D1C9B72450092AD6B /* SessionDataTaskSpec.swift in Sources */,
				D5B964FD1C9217140099D2F9 /* RequestableSpec.swift in Sources */,
				D527ED911C9B73D80092AD6B /* MockSpec.swift in Sources */,
				DAA50FF51C9786BE00D01F78 /* HeaderSpec.swift in Sources */,
				DAC92A0F1C7FA5F600F01940 /* FormURLEncoderSpec.swift in Sources */,
				D5B965251C922C1F0099D2F9 /* ETagStorageSpec.swift in Sources */,
				D5EB7C701CB04543003A3BA9 /* MethodRequestableSpec.swift in Sources */,
				D560A2E81C8C694100D4B640 /* ContentTypeValidatorSpec.swift in Sources */,
				D560A2E51C8C66EC00D4B640 /* StatusCodeVadatorSpec.swift in Sources */,
				D5B965361C922C500099D2F9 /* ContentTypeSpec.swift in Sources */,
				D5EB7C6D1CB03AA0003A3BA9 /* QueryBuilderSpec.swift in Sources */,
				D527ED941C9B77150092AD6B /* MockDataTaskSpec.swift in Sources */,
				D5ABDDB01CD8149600C78B5F /* MultipartFormEncoderSpec.swift in Sources */,
				D5B9652F1C922C420099D2F9 /* WaveSpec.swift in Sources */,
				D527ED8A1C9B6B0F0092AD6B /* TaskRunningSpec.swift in Sources */,
				D549C85D1C8F6C8800588A0C /* StringSerializerSpec.swift in Sources */,
				D527ED9A1C9B84A20092AD6B /* MethodSpec.swift in Sources */,
				D5B965311C922C420099D2F9 /* WaveValidationSpec.swift in Sources */,
			);
			runOnlyForDeploymentPostprocessing = 0;
		};
/* End PBXSourcesBuildPhase section */

/* Begin PBXTargetDependency section */
		D5B2E8AC1C3A780C00C0327D /* PBXTargetDependency */ = {
			isa = PBXTargetDependency;
			target = D5B2E89E1C3A780C00C0327D /* Malibu-iOS */;
			targetProxy = D5B2E8AB1C3A780C00C0327D /* PBXContainerItemProxy */;
		};
		D5C6294C1C3A7FAA007F7B7C /* PBXTargetDependency */ = {
			isa = PBXTargetDependency;
			target = D5C6293F1C3A7FAA007F7B7C /* Malibu-Mac */;
			targetProxy = D5C6294B1C3A7FAA007F7B7C /* PBXContainerItemProxy */;
		};
/* End PBXTargetDependency section */

/* Begin XCBuildConfiguration section */
		D5B2E8B11C3A780C00C0327D /* Debug */ = {
			isa = XCBuildConfiguration;
			buildSettings = {
				ALWAYS_SEARCH_USER_PATHS = NO;
				CLANG_CXX_LANGUAGE_STANDARD = "gnu++0x";
				CLANG_CXX_LIBRARY = "libc++";
				CLANG_ENABLE_MODULES = YES;
				CLANG_ENABLE_OBJC_ARC = YES;
				CLANG_WARN_BOOL_CONVERSION = YES;
				CLANG_WARN_CONSTANT_CONVERSION = YES;
				CLANG_WARN_DIRECT_OBJC_ISA_USAGE = YES_ERROR;
				CLANG_WARN_EMPTY_BODY = YES;
				CLANG_WARN_ENUM_CONVERSION = YES;
				CLANG_WARN_INT_CONVERSION = YES;
				CLANG_WARN_OBJC_ROOT_CLASS = YES_ERROR;
				CLANG_WARN_UNREACHABLE_CODE = YES;
				CLANG_WARN__DUPLICATE_METHOD_MATCH = YES;
				"CODE_SIGN_IDENTITY[sdk=iphoneos*]" = "iPhone Developer";
				COPY_PHASE_STRIP = NO;
				CURRENT_PROJECT_VERSION = 1;
				DEBUG_INFORMATION_FORMAT = dwarf;
				ENABLE_STRICT_OBJC_MSGSEND = YES;
				ENABLE_TESTABILITY = YES;
				GCC_C_LANGUAGE_STANDARD = gnu99;
				GCC_DYNAMIC_NO_PIC = NO;
				GCC_NO_COMMON_BLOCKS = YES;
				GCC_OPTIMIZATION_LEVEL = 0;
				GCC_PREPROCESSOR_DEFINITIONS = (
					"DEBUG=1",
					"$(inherited)",
				);
				GCC_WARN_64_TO_32_BIT_CONVERSION = YES;
				GCC_WARN_ABOUT_RETURN_TYPE = YES_ERROR;
				GCC_WARN_UNDECLARED_SELECTOR = YES;
				GCC_WARN_UNINITIALIZED_AUTOS = YES_AGGRESSIVE;
				GCC_WARN_UNUSED_FUNCTION = YES;
				GCC_WARN_UNUSED_VARIABLE = YES;
				IPHONEOS_DEPLOYMENT_TARGET = 9.2;
				MTL_ENABLE_DEBUG_INFO = YES;
				ONLY_ACTIVE_ARCH = YES;
				SDKROOT = iphoneos;
				SWIFT_OPTIMIZATION_LEVEL = "-Onone";
				TARGETED_DEVICE_FAMILY = "1,2";
				VERSIONING_SYSTEM = "apple-generic";
				VERSION_INFO_PREFIX = "";
			};
			name = Debug;
		};
		D5B2E8B21C3A780C00C0327D /* Release */ = {
			isa = XCBuildConfiguration;
			buildSettings = {
				ALWAYS_SEARCH_USER_PATHS = NO;
				CLANG_CXX_LANGUAGE_STANDARD = "gnu++0x";
				CLANG_CXX_LIBRARY = "libc++";
				CLANG_ENABLE_MODULES = YES;
				CLANG_ENABLE_OBJC_ARC = YES;
				CLANG_WARN_BOOL_CONVERSION = YES;
				CLANG_WARN_CONSTANT_CONVERSION = YES;
				CLANG_WARN_DIRECT_OBJC_ISA_USAGE = YES_ERROR;
				CLANG_WARN_EMPTY_BODY = YES;
				CLANG_WARN_ENUM_CONVERSION = YES;
				CLANG_WARN_INT_CONVERSION = YES;
				CLANG_WARN_OBJC_ROOT_CLASS = YES_ERROR;
				CLANG_WARN_UNREACHABLE_CODE = YES;
				CLANG_WARN__DUPLICATE_METHOD_MATCH = YES;
				"CODE_SIGN_IDENTITY[sdk=iphoneos*]" = "iPhone Developer";
				COPY_PHASE_STRIP = NO;
				CURRENT_PROJECT_VERSION = 1;
				DEBUG_INFORMATION_FORMAT = "dwarf-with-dsym";
				ENABLE_NS_ASSERTIONS = NO;
				ENABLE_STRICT_OBJC_MSGSEND = YES;
				GCC_C_LANGUAGE_STANDARD = gnu99;
				GCC_NO_COMMON_BLOCKS = YES;
				GCC_WARN_64_TO_32_BIT_CONVERSION = YES;
				GCC_WARN_ABOUT_RETURN_TYPE = YES_ERROR;
				GCC_WARN_UNDECLARED_SELECTOR = YES;
				GCC_WARN_UNINITIALIZED_AUTOS = YES_AGGRESSIVE;
				GCC_WARN_UNUSED_FUNCTION = YES;
				GCC_WARN_UNUSED_VARIABLE = YES;
				IPHONEOS_DEPLOYMENT_TARGET = 9.2;
				MTL_ENABLE_DEBUG_INFO = NO;
				SDKROOT = iphoneos;
				TARGETED_DEVICE_FAMILY = "1,2";
				VALIDATE_PRODUCT = YES;
				VERSIONING_SYSTEM = "apple-generic";
				VERSION_INFO_PREFIX = "";
			};
			name = Release;
		};
		D5B2E8B41C3A780C00C0327D /* Debug */ = {
			isa = XCBuildConfiguration;
			buildSettings = {
				CLANG_ENABLE_MODULES = YES;
				DEFINES_MODULE = YES;
				DYLIB_COMPATIBILITY_VERSION = 1;
				DYLIB_CURRENT_VERSION = 1;
				DYLIB_INSTALL_NAME_BASE = "@rpath";
				FRAMEWORK_SEARCH_PATHS = (
					"$(inherited)",
					"$(PROJECT_DIR)/Carthage/Build/iOS",
				);
				INFOPLIST_FILE = "$(SRCROOT)/Malibu/Info-iOS.plist";
				INSTALL_PATH = "$(LOCAL_LIBRARY_DIR)/Frameworks";
				IPHONEOS_DEPLOYMENT_TARGET = 8.0;
				LD_RUNPATH_SEARCH_PATHS = "$(inherited) @executable_path/Frameworks @loader_path/Frameworks";
				PRODUCT_BUNDLE_IDENTIFIER = "no.hyper.Malibu-iOS";
				PRODUCT_NAME = Malibu;
				SKIP_INSTALL = YES;
				SWIFT_OPTIMIZATION_LEVEL = "-Onone";
			};
			name = Debug;
		};
		D5B2E8B51C3A780C00C0327D /* Release */ = {
			isa = XCBuildConfiguration;
			buildSettings = {
				CLANG_ENABLE_MODULES = YES;
				DEFINES_MODULE = YES;
				DYLIB_COMPATIBILITY_VERSION = 1;
				DYLIB_CURRENT_VERSION = 1;
				DYLIB_INSTALL_NAME_BASE = "@rpath";
				FRAMEWORK_SEARCH_PATHS = (
					"$(inherited)",
					"$(PROJECT_DIR)/Carthage/Build/iOS",
				);
				INFOPLIST_FILE = "$(SRCROOT)/Malibu/Info-iOS.plist";
				INSTALL_PATH = "$(LOCAL_LIBRARY_DIR)/Frameworks";
				IPHONEOS_DEPLOYMENT_TARGET = 8.0;
				LD_RUNPATH_SEARCH_PATHS = "$(inherited) @executable_path/Frameworks @loader_path/Frameworks";
				PRODUCT_BUNDLE_IDENTIFIER = "no.hyper.Malibu-iOS";
				PRODUCT_NAME = Malibu;
				SKIP_INSTALL = YES;
			};
			name = Release;
		};
		D5B2E8B71C3A780C00C0327D /* Debug */ = {
			isa = XCBuildConfiguration;
			buildSettings = {
				CLANG_ENABLE_MODULES = YES;
				FRAMEWORK_SEARCH_PATHS = (
					"$(inherited)",
					"$(PROJECT_DIR)/Carthage/Build/iOS",
				);
				INFOPLIST_FILE = "$(SRCROOT)/MalibuTests/Info-iOS.plist";
				LD_RUNPATH_SEARCH_PATHS = "$(inherited) @executable_path/Frameworks @loader_path/Frameworks";
				PRODUCT_BUNDLE_IDENTIFIER = no.hyper.MalibuTests;
				PRODUCT_NAME = "$(TARGET_NAME)";
				SWIFT_OPTIMIZATION_LEVEL = "-Onone";
			};
			name = Debug;
		};
		D5B2E8B81C3A780C00C0327D /* Release */ = {
			isa = XCBuildConfiguration;
			buildSettings = {
				CLANG_ENABLE_MODULES = YES;
				FRAMEWORK_SEARCH_PATHS = (
					"$(inherited)",
					"$(PROJECT_DIR)/Carthage/Build/iOS",
				);
				INFOPLIST_FILE = "$(SRCROOT)/MalibuTests/Info-iOS.plist";
				LD_RUNPATH_SEARCH_PATHS = "$(inherited) @executable_path/Frameworks @loader_path/Frameworks";
				PRODUCT_BUNDLE_IDENTIFIER = no.hyper.MalibuTests;
				PRODUCT_NAME = "$(TARGET_NAME)";
			};
			name = Release;
		};
		D5C629521C3A7FAA007F7B7C /* Debug */ = {
			isa = XCBuildConfiguration;
			buildSettings = {
				CLANG_ENABLE_MODULES = YES;
				CODE_SIGN_IDENTITY = "-";
				COMBINE_HIDPI_IMAGES = YES;
				DEFINES_MODULE = YES;
				DYLIB_COMPATIBILITY_VERSION = 1;
				DYLIB_CURRENT_VERSION = 1;
				DYLIB_INSTALL_NAME_BASE = "@rpath";
				FRAMEWORK_SEARCH_PATHS = (
					"$(inherited)",
					"$(PROJECT_DIR)/Carthage/Build/Mac",
				);
				FRAMEWORK_VERSION = A;
				INFOPLIST_FILE = "$(SRCROOT)/Malibu/Info-Mac.plist";
				INSTALL_PATH = "$(LOCAL_LIBRARY_DIR)/Frameworks";
				LD_RUNPATH_SEARCH_PATHS = "$(inherited) @executable_path/../Frameworks @loader_path/Frameworks";
				MACOSX_DEPLOYMENT_TARGET = 10.10;
				PRODUCT_BUNDLE_IDENTIFIER = "no.hyper.Malibu-Mac";
				PRODUCT_NAME = Malibu;
				SDKROOT = macosx;
				SKIP_INSTALL = YES;
				SWIFT_OPTIMIZATION_LEVEL = "-Onone";
			};
			name = Debug;
		};
		D5C629531C3A7FAA007F7B7C /* Release */ = {
			isa = XCBuildConfiguration;
			buildSettings = {
				CLANG_ENABLE_MODULES = YES;
				CODE_SIGN_IDENTITY = "-";
				COMBINE_HIDPI_IMAGES = YES;
				DEFINES_MODULE = YES;
				DYLIB_COMPATIBILITY_VERSION = 1;
				DYLIB_CURRENT_VERSION = 1;
				DYLIB_INSTALL_NAME_BASE = "@rpath";
				FRAMEWORK_SEARCH_PATHS = (
					"$(inherited)",
					"$(PROJECT_DIR)/Carthage/Build/Mac",
				);
				FRAMEWORK_VERSION = A;
				INFOPLIST_FILE = "$(SRCROOT)/Malibu/Info-Mac.plist";
				INSTALL_PATH = "$(LOCAL_LIBRARY_DIR)/Frameworks";
				LD_RUNPATH_SEARCH_PATHS = "$(inherited) @executable_path/../Frameworks @loader_path/Frameworks";
				MACOSX_DEPLOYMENT_TARGET = 10.10;
				PRODUCT_BUNDLE_IDENTIFIER = "no.hyper.Malibu-Mac";
				PRODUCT_NAME = Malibu;
				SDKROOT = macosx;
				SKIP_INSTALL = YES;
			};
			name = Release;
		};
		D5C629551C3A7FAA007F7B7C /* Debug */ = {
			isa = XCBuildConfiguration;
			buildSettings = {
				CODE_SIGN_IDENTITY = "-";
				COMBINE_HIDPI_IMAGES = YES;
				FRAMEWORK_SEARCH_PATHS = (
					"$(inherited)",
					"$(PROJECT_DIR)/Carthage/Build/Mac",
				);
				INFOPLIST_FILE = "$(SRCROOT)/MalibuTests/Info-Mac.plist";
				LD_RUNPATH_SEARCH_PATHS = "$(inherited) @executable_path/../Frameworks @loader_path/../Frameworks";
				MACOSX_DEPLOYMENT_TARGET = 10.11;
				PRODUCT_BUNDLE_IDENTIFIER = "no.hyper.Malibu-MacTests";
				PRODUCT_NAME = "$(TARGET_NAME)";
				SDKROOT = macosx;
			};
			name = Debug;
		};
		D5C629561C3A7FAA007F7B7C /* Release */ = {
			isa = XCBuildConfiguration;
			buildSettings = {
				CODE_SIGN_IDENTITY = "-";
				COMBINE_HIDPI_IMAGES = YES;
				FRAMEWORK_SEARCH_PATHS = (
					"$(inherited)",
					"$(PROJECT_DIR)/Carthage/Build/Mac",
				);
				INFOPLIST_FILE = "$(SRCROOT)/MalibuTests/Info-Mac.plist";
				LD_RUNPATH_SEARCH_PATHS = "$(inherited) @executable_path/../Frameworks @loader_path/../Frameworks";
				MACOSX_DEPLOYMENT_TARGET = 10.11;
				PRODUCT_BUNDLE_IDENTIFIER = "no.hyper.Malibu-MacTests";
				PRODUCT_NAME = "$(TARGET_NAME)";
				SDKROOT = macosx;
			};
			name = Release;
		};
/* End XCBuildConfiguration section */

/* Begin XCConfigurationList section */
		D5B2E8991C3A780C00C0327D /* Build configuration list for PBXProject "Malibu" */ = {
			isa = XCConfigurationList;
			buildConfigurations = (
				D5B2E8B11C3A780C00C0327D /* Debug */,
				D5B2E8B21C3A780C00C0327D /* Release */,
			);
			defaultConfigurationIsVisible = 0;
			defaultConfigurationName = Release;
		};
		D5B2E8B31C3A780C00C0327D /* Build configuration list for PBXNativeTarget "Malibu-iOS" */ = {
			isa = XCConfigurationList;
			buildConfigurations = (
				D5B2E8B41C3A780C00C0327D /* Debug */,
				D5B2E8B51C3A780C00C0327D /* Release */,
			);
			defaultConfigurationIsVisible = 0;
			defaultConfigurationName = Release;
		};
		D5B2E8B61C3A780C00C0327D /* Build configuration list for PBXNativeTarget "Malibu-iOS-Tests" */ = {
			isa = XCConfigurationList;
			buildConfigurations = (
				D5B2E8B71C3A780C00C0327D /* Debug */,
				D5B2E8B81C3A780C00C0327D /* Release */,
			);
			defaultConfigurationIsVisible = 0;
			defaultConfigurationName = Release;
		};
		D5C629511C3A7FAA007F7B7C /* Build configuration list for PBXNativeTarget "Malibu-Mac" */ = {
			isa = XCConfigurationList;
			buildConfigurations = (
				D5C629521C3A7FAA007F7B7C /* Debug */,
				D5C629531C3A7FAA007F7B7C /* Release */,
			);
			defaultConfigurationIsVisible = 0;
			defaultConfigurationName = Release;
		};
		D5C629541C3A7FAA007F7B7C /* Build configuration list for PBXNativeTarget "Malibu-Mac-Tests" */ = {
			isa = XCConfigurationList;
			buildConfigurations = (
				D5C629551C3A7FAA007F7B7C /* Debug */,
				D5C629561C3A7FAA007F7B7C /* Release */,
			);
			defaultConfigurationIsVisible = 0;
			defaultConfigurationName = Release;
		};
/* End XCConfigurationList section */
	};
	rootObject = D5B2E8961C3A780C00C0327D /* Project object */;
}
